
Microsoft Visual Studio Solution File, Format Version 11.00
# Visual Studio 2010
Project("{FAE04EC0-301F-11D3-BF4B-00C04F79EFBC}") = "Assembly-CSharp", "Assembly-CSharp.csproj", "{3bcef410-ce31-c712-f82d-4a5b994379d5}"
EndProject
Project("{FAE04EC0-301F-11D3-BF4B-00C04F79EFBC}") = "VFXGraph.OutputEventHandlers", "VFXGraph.OutputEventHandlers.csproj", "{d1948cee-1481-ecd1-4528-27c54740e019}"
EndProject
Project("{FAE04EC0-301F-11D3-BF4B-00C04F79EFBC}") = "VFXGraph.OutputEventHandlers.Editor", "VFXGraph.OutputEventHandlers.Editor.csproj", "{19e0bd19-2a05-d5c2-a605-12a295b48585}"
EndProject
Global
	GlobalSection(SolutionConfigurationPlatforms) = preSolution
		Debug|Any CPU = Debug|Any CPU
	EndGlobalSection
	GlobalSection(ProjectConfigurationPlatforms) = postSolution
		{3bcef410-ce31-c712-f82d-4a5b994379d5}.Debug|Any CPU.ActiveCfg = Debug|Any CPU
		{3bcef410-ce31-c712-f82d-4a5b994379d5}.Debug|Any CPU.Build.0 = Debug|Any CPU
		{d1948cee-1481-ecd1-4528-27c54740e019}.Debug|Any CPU.ActiveCfg = Debug|Any CPU
		{d1948cee-1481-ecd1-4528-27c54740e019}.Debug|Any CPU.Build.0 = Debug|Any CPU
		{19e0bd19-2a05-d5c2-a605-12a295b48585}.Debug|Any CPU.ActiveCfg = Debug|Any CPU
		{19e0bd19-2a05-d5c2-a605-12a295b48585}.Debug|Any CPU.Build.0 = Debug|Any CPU
	EndGlobalSection
	GlobalSection(SolutionProperties) = preSolution
		HideSolutionNode = FALSE
	EndGlobalSection
EndGlobal
