
Microsoft Visual Studio Solution File, Format Version 11.00
# Visual Studio 2010
Project("{FAE04EC0-301F-11D3-BF4B-00C04F79EFBC}") = "UnityEngine.UI", "UnityEngine.UI.csproj", "{70509010-93b5-ea04-7e4a-54afacaed956}"
EndProject
Project("{FAE04EC0-301F-11D3-BF4B-00C04F79EFBC}") = "Assembly-CSharp", "Assembly-CSharp.csproj", "{bdc1baa4-d1ce-4ef5-4835-1164515422bf}"
EndProject
Project("{FAE04EC0-301F-11D3-BF4B-00C04F79EFBC}") = "Unity.RenderPipelines.Core.Runtime", "Unity.RenderPipelines.Core.Runtime.csproj", "{9bd595c4-becc-7203-def9-c09ed339b927}"
EndProject
Project("{FAE04EC0-301F-11D3-BF4B-00C04F79EFBC}") = "UnityEngine.TestRunner", "UnityEngine.TestRunner.csproj", "{e3c8a381-03ab-a9fe-f51f-a7d4149968f8}"
EndProject
Project("{FAE04EC0-301F-11D3-BF4B-00C04F79EFBC}") = "Unity.Rendering.Hybrid", "Unity.Rendering.Hybrid.csproj", "{9b75ab22-d3ad-4c5c-8932-0b6c7dd27cc6}"
EndProject
Project("{FAE04EC0-301F-11D3-BF4B-00C04F79EFBC}") = "Unity.Entities", "Unity.Entities.csproj", "{015ed637-c5b2-a7b7-7b2f-d230e17b55cc}"
EndProject
Project("{FAE04EC0-301F-11D3-BF4B-00C04F79EFBC}") = "Unity.Services.Core.Telemetry", "Unity.Services.Core.Telemetry.csproj", "{1139023a-9b1d-48ba-6ed2-f2fdbb959e72}"
EndProject
Project("{FAE04EC0-301F-11D3-BF4B-00C04F79EFBC}") = "Unity.Transforms.Hybrid", "Unity.Transforms.Hybrid.csproj", "{51f3a899-c349-e14e-e408-bd55fbd761cb}"
EndProject
Project("{FAE04EC0-301F-11D3-BF4B-00C04F79EFBC}") = "Unity.VisualScripting.State", "Unity.VisualScripting.State.csproj", "{1904991c-91d9-bb1f-31eb-15926795fd8e}"
EndProject
Project("{FAE04EC0-301F-11D3-BF4B-00C04F79EFBC}") = "Unity.RenderPipelines.Universal.Runtime", "Unity.RenderPipelines.Universal.Runtime.csproj", "{2cd33a27-1810-3832-d837-95bf328c8275}"
EndProject
Project("{FAE04EC0-301F-11D3-BF4B-00C04F79EFBC}") = "Unity.Entities.Hybrid", "Unity.Entities.Hybrid.csproj", "{fbbf35e7-d375-6d3d-9ebf-7e5863ca3e86}"
EndProject
Project("{FAE04EC0-301F-11D3-BF4B-00C04F79EFBC}") = "Unity.VisualScripting.Flow", "Unity.VisualScripting.Flow.csproj", "{e7f272ee-61ba-e1f3-bb7c-7853e53705f4}"
EndProject
Project("{FAE04EC0-301F-11D3-BF4B-00C04F79EFBC}") = "Unity.VisualScripting.Core", "Unity.VisualScripting.Core.csproj", "{27510190-dbfc-b600-0746-20507c864af3}"
EndProject
Project("{FAE04EC0-301F-11D3-BF4B-00C04F79EFBC}") = "Unity.Serialization", "Unity.Serialization.csproj", "{d5825575-0da1-534e-fa27-3eac51eabf05}"
EndProject
Project("{FAE04EC0-301F-11D3-BF4B-00C04F79EFBC}") = "Unity.Services.Core.Environments.Internal", "Unity.Services.Core.Environments.Internal.csproj", "{5dd3a515-acac-0b90-f797-55cf5c132d5b}"
EndProject
Project("{FAE04EC0-301F-11D3-BF4B-00C04F79EFBC}") = "Unity.TextMeshPro", "Unity.TextMeshPro.csproj", "{85ef7e8c-1285-332b-e8e4-71ba906e95ff}"
EndProject
Project("{FAE04EC0-301F-11D3-BF4B-00C04F79EFBC}") = "Unity.Burst", "Unity.Burst.csproj", "{e7acdefb-0daf-1f1d-849e-e55cd8934cd9}"
EndProject
Project("{FAE04EC0-301F-11D3-BF4B-00C04F79EFBC}") = "Unity.RenderPipeline.Universal.ShaderLibrary", "Unity.RenderPipeline.Universal.ShaderLibrary.csproj", "{4185ffb7-2d29-3adc-9f3a-4cd852f2894c}"
EndProject
Project("{FAE04EC0-301F-11D3-BF4B-00C04F79EFBC}") = "Unity.PerformanceTesting", "Unity.PerformanceTesting.csproj", "{e70ea587-5c1f-15f8-4029-55b79cfb3e3b}"
EndProject
Project("{FAE04EC0-301F-11D3-BF4B-00C04F79EFBC}") = "Unity.Services.Core.Environments", "Unity.Services.Core.Environments.csproj", "{d158aac2-be6c-01ee-d0f8-30811cc0444c}"
EndProject
Project("{FAE04EC0-301F-11D3-BF4B-00C04F79EFBC}") = "Unity.Properties.UI", "Unity.Properties.UI.csproj", "{78362fff-976c-e62f-3323-dbc921681f82}"
EndProject
Project("{FAE04EC0-301F-11D3-BF4B-00C04F79EFBC}") = "Unity.Services.Core.Internal", "Unity.Services.Core.Internal.csproj", "{d521d772-a2f5-8355-540a-f09c2379909c}"
EndProject
Project("{FAE04EC0-301F-11D3-BF4B-00C04F79EFBC}") = "Unity.Properties", "Unity.Properties.csproj", "{4c1e6f6a-25e4-b385-3d9c-830f9fef2818}"
EndProject
Project("{FAE04EC0-301F-11D3-BF4B-00C04F79EFBC}") = "Unity.Collections", "Unity.Collections.csproj", "{1c7ad4b3-2234-1502-bcc4-ff9c915e724f}"
EndProject
Project("{FAE04EC0-301F-11D3-BF4B-00C04F79EFBC}") = "Unity.Timeline", "Unity.Timeline.csproj", "{f2656465-8c59-5cd6-c94e-783cde4d4ac6}"
EndProject
Project("{FAE04EC0-301F-11D3-BF4B-00C04F79EFBC}") = "Unity.Mathematics", "Unity.Mathematics.csproj", "{3f9c7563-3a67-b331-91b0-54165222e3e3}"
EndProject
Project("{FAE04EC0-301F-11D3-BF4B-00C04F79EFBC}") = "Unity.VisualEffectGraph.Runtime", "Unity.VisualEffectGraph.Runtime.csproj", "{db0d6ee2-3331-617c-340e-1adb89f7d3e2}"
EndProject
Project("{FAE04EC0-301F-11D3-BF4B-00C04F79EFBC}") = "Unity.Services.Core.Scheduler", "Unity.Services.Core.Scheduler.csproj", "{296efa63-f3cc-8988-426c-aee027b8ef23}"
EndProject
Project("{FAE04EC0-301F-11D3-BF4B-00C04F79EFBC}") = "Unity.Scenes", "Unity.Scenes.csproj", "{51449e54-6c78-4cf7-e191-f03ada59e7db}"
EndProject
Project("{FAE04EC0-301F-11D3-BF4B-00C04F79EFBC}") = "Unity.Services.Core.Device", "Unity.Services.Core.Device.csproj", "{bacf93d4-c8c5-f440-6494-1c0ec91ccedf}"
EndProject
Project("{FAE04EC0-301F-11D3-BF4B-00C04F79EFBC}") = "Unity.InternalAPIEngineBridge.002", "Unity.InternalAPIEngineBridge.002.csproj", "{f441f9fd-907e-05f2-e97b-829e121a55b2}"
EndProject
Project("{FAE04EC0-301F-11D3-BF4B-00C04F79EFBC}") = "VFXGraph.OutputEventHandlers", "VFXGraph.OutputEventHandlers.csproj", "{e2983786-0da7-7337-3fa6-6dc429523883}"
EndProject
Project("{FAE04EC0-301F-11D3-BF4B-00C04F79EFBC}") = "Unity.Transforms", "Unity.Transforms.csproj", "{fa7cb659-9431-86ab-788e-13a5c98e0016}"
EndProject
Project("{FAE04EC0-301F-11D3-BF4B-00C04F79EFBC}") = "Unity.Services.Core.Analytics", "Unity.Services.Core.Analytics.csproj", "{da5f6637-fe38-c674-c882-bcf12e4fa11a}"
EndProject
Project("{FAE04EC0-301F-11D3-BF4B-00C04F79EFBC}") = "Unity.Platforms.Common", "Unity.Platforms.Common.csproj", "{d745ea90-1a21-cfa5-164c-ba22e3931393}"
EndProject
Project("{FAE04EC0-301F-11D3-BF4B-00C04F79EFBC}") = "Unity.2D.Tilemap.Extras", "Unity.2D.Tilemap.Extras.csproj", "{b03d6f43-6b11-f915-a250-29f6d9b54553}"
EndProject
Project("{FAE04EC0-301F-11D3-BF4B-00C04F79EFBC}") = "Unity.Properties.Reflection", "Unity.Properties.Reflection.csproj", "{0fb6ad3e-f7ca-505c-a65f-15db5721715a}"
EndProject
Project("{FAE04EC0-301F-11D3-BF4B-00C04F79EFBC}") = "Unity.Profiling.Core", "Unity.Profiling.Core.csproj", "{03cc420f-c9ad-e435-84d7-b0bd8a0a40b8}"
EndProject
Project("{FAE04EC0-301F-11D3-BF4B-00C04F79EFBC}") = "Unity.Services.Core.Threading", "Unity.Services.Core.Threading.csproj", "{96f52546-5355-50c0-af1f-40f9f0c80879}"
EndProject
Project("{FAE04EC0-301F-11D3-BF4B-00C04F79EFBC}") = "Unity.Services.Core.Configuration", "Unity.Services.Core.Configuration.csproj", "{34bf69ba-d47a-01de-5382-48db762c04a4}"
EndProject
Project("{FAE04EC0-301F-11D3-BF4B-00C04F79EFBC}") = "Unity.InternalAPIEngineBridge.012", "Unity.InternalAPIEngineBridge.012.csproj", "{bd2a616a-6371-613f-3f9c-485f82a1360c}"
EndProject
Project("{FAE04EC0-301F-11D3-BF4B-00C04F79EFBC}") = "Unity.Services.Core", "Unity.Services.Core.csproj", "{c59f9d98-bc75-5716-1dae-c466d40bb1f8}"
EndProject
Project("{FAE04EC0-301F-11D3-BF4B-00C04F79EFBC}") = "Unity.Services.Core.Networking", "Unity.Services.Core.Networking.csproj", "{62714c97-9d7d-cd1e-2a5e-5f5a3f8b0d71}"
EndProject
Project("{FAE04EC0-301F-11D3-BF4B-00C04F79EFBC}") = "Unity.Entities.Hybrid.HybridComponents", "Unity.Entities.Hybrid.HybridComponents.csproj", "{718f25e6-14fc-1394-c69b-701f1787fdc2}"
EndProject
Project("{FAE04EC0-301F-11D3-BF4B-00C04F79EFBC}") = "Unity.Jobs", "Unity.Jobs.csproj", "{d1f63168-2d9d-14ca-85d3-adb01933d2e8}"
EndProject
Project("{FAE04EC0-301F-11D3-BF4B-00C04F79EFBC}") = "Unity.Services.Core.Registration", "Unity.Services.Core.Registration.csproj", "{82f866f3-1f8d-3fc2-896e-e0413b34a7c9}"
EndProject
Project("{FAE04EC0-301F-11D3-BF4B-00C04F79EFBC}") = "Unity.RenderPipelines.ShaderGraph.ShaderGraphLibrary", "Unity.RenderPipelines.ShaderGraph.ShaderGraphLibrary.csproj", "{746dd22d-d5c1-bad4-3e88-9a897a5661f1}"
EndProject
Project("{FAE04EC0-301F-11D3-BF4B-00C04F79EFBC}") = "Unity.ScriptableBuildPipeline", "Unity.ScriptableBuildPipeline.csproj", "{ba53b93e-8e4f-1826-f18a-f0cddb134d7e}"
EndProject
Project("{FAE04EC0-301F-11D3-BF4B-00C04F79EFBC}") = "Unity.Mathematics.Extensions", "Unity.Mathematics.Extensions.csproj", "{a3439a54-d102-09b2-c633-ecbdef28caff}"
EndProject
Project("{FAE04EC0-301F-11D3-BF4B-00C04F79EFBC}") = "Unity.RenderPipelines.Core.ShaderLibrary", "Unity.RenderPipelines.Core.ShaderLibrary.csproj", "{3db97377-1b36-d48b-fb6a-bd60e76e59fc}"
EndProject
Project("{FAE04EC0-301F-11D3-BF4B-00C04F79EFBC}") = "Unity.Mathematics.Extensions.Hybrid", "Unity.Mathematics.Extensions.Hybrid.csproj", "{1031945d-2052-2165-e2b2-b5c7731f4fa5}"
EndProject
Project("{FAE04EC0-301F-11D3-BF4B-00C04F79EFBC}") = "Unity.Deformations", "Unity.Deformations.csproj", "{dd4ea8ab-8e0c-61ea-499c-c7c3595bed32}"
EndProject
Project("{FAE04EC0-301F-11D3-BF4B-00C04F79EFBC}") = "Unity.RenderPipelines.Universal.Shaders", "Unity.RenderPipelines.Universal.Shaders.csproj", "{d372b10e-68b6-6597-6d79-0ec6137d7147}"
EndProject
Project("{FAE04EC0-301F-11D3-BF4B-00C04F79EFBC}") = "Unity.VisualScripting.Core.Editor", "Unity.VisualScripting.Core.Editor.csproj", "{146c0841-f2b1-a3a5-a14c-a94791e31b8b}"
EndProject
Project("{FAE04EC0-301F-11D3-BF4B-00C04F79EFBC}") = "Unity.ShaderGraph.Editor", "Unity.ShaderGraph.Editor.csproj", "{3a652dbe-3704-1b55-00ce-d8b2095d467e}"
EndProject
Project("{FAE04EC0-301F-11D3-BF4B-00C04F79EFBC}") = "Unity.PlasticSCM.Editor", "Unity.PlasticSCM.Editor.csproj", "{39346598-7947-99f8-574a-342cadc704a5}"
EndProject
Project("{FAE04EC0-301F-11D3-BF4B-00C04F79EFBC}") = "Unity.Timeline.Editor", "Unity.Timeline.Editor.csproj", "{e22db3ba-45bd-bae9-0a1b-bba8acef2f75}"
EndProject
Project("{FAE04EC0-301F-11D3-BF4B-00C04F79EFBC}") = "Unity.VisualEffectGraph.Editor", "Unity.VisualEffectGraph.Editor.csproj", "{9913ada3-ed45-596e-72f0-4de0e32644a7}"
EndProject
Project("{FAE04EC0-301F-11D3-BF4B-00C04F79EFBC}") = "Unity.RenderPipelines.Universal.Editor", "Unity.RenderPipelines.Universal.Editor.csproj", "{1ffb99d6-dac7-1e1e-3598-b88c60cbeff2}"
EndProject
Project("{FAE04EC0-301F-11D3-BF4B-00C04F79EFBC}") = "Unity.TextMeshPro.Editor", "Unity.TextMeshPro.Editor.csproj", "{439e72b0-a181-7bd6-5da2-14ecf13d6534}"
EndProject
Project("{FAE04EC0-301F-11D3-BF4B-00C04F79EFBC}") = "Unity.Build.Classic.Private", "Unity.Build.Classic.Private.csproj", "{52d3b3ab-e08c-3451-8697-82661ee2818c}"
EndProject
Project("{FAE04EC0-301F-11D3-BF4B-00C04F79EFBC}") = "Unity.Entities.Editor", "Unity.Entities.Editor.csproj", "{7837be15-c801-097a-6baa-e69267d4276f}"
EndProject
Project("{FAE04EC0-301F-11D3-BF4B-00C04F79EFBC}") = "Unity.VisualScripting.SettingsProvider.Editor", "Unity.VisualScripting.SettingsProvider.Editor.csproj", "{7d678a2e-6e93-8e3c-1331-0db81f636f0c}"
EndProject
Project("{FAE04EC0-301F-11D3-BF4B-00C04F79EFBC}") = "UnityEditor.TestRunner", "UnityEditor.TestRunner.csproj", "{4fee5394-c7da-342f-0be0-dcc9f66a6252}"
EndProject
Project("{FAE04EC0-301F-11D3-BF4B-00C04F79EFBC}") = "Unity.2D.Tilemap.Editor", "Unity.2D.Tilemap.Editor.csproj", "{24fa1d13-8223-dfe2-5ec8-79daa5ebd8ac}"
EndProject
Project("{FAE04EC0-301F-11D3-BF4B-00C04F79EFBC}") = "Unity.TestTools.CodeCoverage.Editor", "Unity.TestTools.CodeCoverage.Editor.csproj", "{0421f03b-c5f6-ff02-721c-989a7eb9913c}"
EndProject
Project("{FAE04EC0-301F-11D3-BF4B-00C04F79EFBC}") = "Unity.VisualScripting.Flow.Editor", "Unity.VisualScripting.Flow.Editor.csproj", "{62ea0abe-591e-6720-6a4e-6a3c5086da0a}"
EndProject
Project("{FAE04EC0-301F-11D3-BF4B-00C04F79EFBC}") = "Unity.Rider.Editor", "Unity.Rider.Editor.csproj", "{da0559be-422f-bb64-b73f-fb3ef2a52d7d}"
EndProject
Project("{FAE04EC0-301F-11D3-BF4B-00C04F79EFBC}") = "Unity.Properties.UI.Editor", "Unity.Properties.UI.Editor.csproj", "{9b268b21-eeec-184c-597e-1421120a1e80}"
EndProject
Project("{FAE04EC0-301F-11D3-BF4B-00C04F79EFBC}") = "Unity.Build", "Unity.Build.csproj", "{37643437-f891-5a41-0734-cde2e0a77119}"
EndProject
Project("{FAE04EC0-301F-11D3-BF4B-00C04F79EFBC}") = "Unity.PerformanceTesting.Editor", "Unity.PerformanceTesting.Editor.csproj", "{33630fb4-0c4e-2082-8ddc-28182d543920}"
EndProject
Project("{FAE04EC0-301F-11D3-BF4B-00C04F79EFBC}") = "Unity.CollabProxy.Editor", "Unity.CollabProxy.Editor.csproj", "{2c821b99-a201-6de2-620e-32d2946753f3}"
EndProject
Project("{FAE04EC0-301F-11D3-BF4B-00C04F79EFBC}") = "Unity.ScriptableBuildPipeline.Editor", "Unity.ScriptableBuildPipeline.Editor.csproj", "{9dc61516-989a-f3fb-2364-76964037c108}"
EndProject
Project("{FAE04EC0-301F-11D3-BF4B-00C04F79EFBC}") = "Unity.Performance.Profile-Analyzer.Editor", "Unity.Performance.Profile-Analyzer.Editor.csproj", "{87428d5d-fa48-85f3-a055-faeb51ac3eec}"
EndProject
Project("{FAE04EC0-301F-11D3-BF4B-00C04F79EFBC}") = "Unity.RenderPipelines.Core.Editor", "Unity.RenderPipelines.Core.Editor.csproj", "{8b2919c1-bcbd-6ac2-34a3-2fbecdbfd663}"
EndProject
Project("{FAE04EC0-301F-11D3-BF4B-00C04F79EFBC}") = "Unity.Entities.CodeGen", "Unity.Entities.CodeGen.csproj", "{fe589c1d-8f2f-e5a9-1957-b48127327149}"
EndProject
Project("{FAE04EC0-301F-11D3-BF4B-00C04F79EFBC}") = "Unity.Services.Core.Editor", "Unity.Services.Core.Editor.csproj", "{afbccb06-ca6d-be76-8cc5-bfda8ebca758}"
EndProject
Project("{FAE04EC0-301F-11D3-BF4B-00C04F79EFBC}") = "Unity.Collections.Editor", "Unity.Collections.Editor.csproj", "{2e46874b-d136-8727-48af-3d295fcdd05b}"
EndProject
Project("{FAE04EC0-301F-11D3-BF4B-00C04F79EFBC}") = "Unity.Burst.CodeGen", "Unity.Burst.CodeGen.csproj", "{224da8a0-ce1c-920a-c7e4-251e13de90d5}"
EndProject
Project("{FAE04EC0-301F-11D3-BF4B-00C04F79EFBC}") = "Unity.Entities.Editor.Properties", "Unity.Entities.Editor.Properties.csproj", "{1bf493bb-5edf-381c-d28f-484ba3ba5146}"
EndProject
Project("{FAE04EC0-301F-11D3-BF4B-00C04F79EFBC}") = "Unity.VSCode.Editor", "Unity.VSCode.Editor.csproj", "{b63e9add-e60e-d441-6f3e-c63ef0d265f5}"
EndProject
Project("{FAE04EC0-301F-11D3-BF4B-00C04F79EFBC}") = "Unity.VisualStudio.Editor", "Unity.VisualStudio.Editor.csproj", "{94fc5f81-a81b-8e57-8fdd-8aefa171b9e9}"
EndProject
Project("{FAE04EC0-301F-11D3-BF4B-00C04F79EFBC}") = "Unity.Scenes.Editor", "Unity.Scenes.Editor.csproj", "{8a7e35c2-2455-b5b0-ea88-be58111b474f}"
EndProject
Project("{FAE04EC0-301F-11D3-BF4B-00C04F79EFBC}") = "Unity.TestTools.CodeCoverage.Editor.OpenCover.Model", "Unity.TestTools.CodeCoverage.Editor.OpenCover.Model.csproj", "{5aa9d460-fa42-282d-bdb0-22e9610749f2}"
EndProject
Project("{FAE04EC0-301F-11D3-BF4B-00C04F79EFBC}") = "Unity.Build.Editor", "Unity.Build.Editor.csproj", "{6a668893-84ca-3157-ab31-417fd74029b0}"
EndProject
Project("{FAE04EC0-301F-11D3-BF4B-00C04F79EFBC}") = "Unity.Settings.Editor", "Unity.Settings.Editor.csproj", "{772dcee5-f5db-13af-8411-7937c06f9aed}"
EndProject
Project("{FAE04EC0-301F-11D3-BF4B-00C04F79EFBC}") = "PPv2URPConverters", "PPv2URPConverters.csproj", "{11b26d62-2f11-48b2-9359-0c3e489ea1db}"
EndProject
Project("{FAE04EC0-301F-11D3-BF4B-00C04F79EFBC}") = "Unity.InternalAPIEditorBridge.012", "Unity.InternalAPIEditorBridge.012.csproj", "{b7013687-e042-6ff6-b321-c37e4c760a54}"
EndProject
Project("{FAE04EC0-301F-11D3-BF4B-00C04F79EFBC}") = "Unity.VisualScripting.State.Editor", "Unity.VisualScripting.State.Editor.csproj", "{6d4ab731-3f49-824f-e09c-9ec92a3df505}"
EndProject
Project("{FAE04EC0-301F-11D3-BF4B-00C04F79EFBC}") = "UnityEditor.CacheServer", "UnityEditor.CacheServer.csproj", "{62d19b7a-b13c-fa66-fff4-7503dddd6b4b}"
EndProject
Project("{FAE04EC0-301F-11D3-BF4B-00C04F79EFBC}") = "UnityEditor.UI", "UnityEditor.UI.csproj", "{4864b860-3b45-6c62-6963-eaff113f12d3}"
EndProject
Project("{FAE04EC0-301F-11D3-BF4B-00C04F79EFBC}") = "Unity.Build.Internals", "Unity.Build.Internals.csproj", "{caae2d85-61b8-4abb-eec3-3c0c9c618bd9}"
EndProject
Project("{FAE04EC0-301F-11D3-BF4B-00C04F79EFBC}") = "Unity.Searcher.Editor", "Unity.Searcher.Editor.csproj", "{aa9adaa6-4a54-46c5-59c3-c5b226625ebc}"
EndProject
Project("{FAE04EC0-301F-11D3-BF4B-00C04F79EFBC}") = "Unity.Build.DotsRuntime", "Unity.Build.DotsRuntime.csproj", "{1d2e7edb-d555-601d-be91-72d480d70434}"
EndProject
Project("{FAE04EC0-301F-11D3-BF4B-00C04F79EFBC}") = "Unity.Services.Core.Configuration.Editor", "Unity.Services.Core.Configuration.Editor.csproj", "{4700f650-bec4-5c8a-7f1c-9aef6698d5a4}"
EndProject
Project("{FAE04EC0-301F-11D3-BF4B-00C04F79EFBC}") = "Unity.Properties.Editor", "Unity.Properties.Editor.csproj", "{7957d714-d2e5-b1d3-48d1-0e8a71cc0a3b}"
EndProject
Project("{FAE04EC0-301F-11D3-BF4B-00C04F79EFBC}") = "Unity.Burst.Editor", "Unity.Burst.Editor.csproj", "{656b62f9-81d6-9ca0-6f27-f8da21032e84}"
EndProject
Project("{FAE04EC0-301F-11D3-BF4B-00C04F79EFBC}") = "Unity.Properties.CodeGen", "Unity.Properties.CodeGen.csproj", "{b2e2f551-7cd6-b606-7835-fc8a1831eb0b}"
EndProject
Project("{FAE04EC0-301F-11D3-BF4B-00C04F79EFBC}") = "Unity.Collections.CodeGen", "Unity.Collections.CodeGen.csproj", "{9ddc7b09-6b2e-f230-e673-f77a0908e23a}"
EndProject
Project("{FAE04EC0-301F-11D3-BF4B-00C04F79EFBC}") = "VFXGraph.OutputEventHandlers.Editor", "VFXGraph.OutputEventHandlers.Editor.csproj", "{13329050-c31f-109b-5dc3-4aa533eafb51}"
EndProject
Project("{FAE04EC0-301F-11D3-BF4B-00C04F79EFBC}") = "Unity.ShaderGraph.Utilities", "Unity.ShaderGraph.Utilities.csproj", "{b82fb70b-953a-3394-39aa-80c1ed5ec494}"
EndProject
Project("{FAE04EC0-301F-11D3-BF4B-00C04F79EFBC}") = "Unity.Build.Classic", "Unity.Build.Classic.csproj", "{947df88e-d6a6-8c1a-e4d3-39cf94815529}"
EndProject
Project("{FAE04EC0-301F-11D3-BF4B-00C04F79EFBC}") = "Unity.Mathematics.Editor", "Unity.Mathematics.Editor.csproj", "{66c80b11-b28f-2586-ee47-b829a4710f3d}"
EndProject
Project("{FAE04EC0-301F-11D3-BF4B-00C04F79EFBC}") = "Unity.Entities.BuildUtils", "Unity.Entities.BuildUtils.csproj", "{05f7c099-dafe-c04a-fb0a-eeceedeaf4d5}"
EndProject
Project("{FAE04EC0-301F-11D3-BF4B-00C04F79EFBC}") = "Unity.TestTools.CodeCoverage.Editor.OpenCover.Mono.Reflection", "Unity.TestTools.CodeCoverage.Editor.OpenCover.Mono.Reflection.csproj", "{672ba2aa-1fa8-5235-0d79-59fd8c88ab3b}"
EndProject
Project("{FAE04EC0-301F-11D3-BF4B-00C04F79EFBC}") = "Unity.InternalAPIEditorBridge.002", "Unity.InternalAPIEditorBridge.002.csproj", "{b127fbb8-229f-7d21-b09d-81e70c6e4e4f}"
EndProject
Project("{FAE04EC0-301F-11D3-BF4B-00C04F79EFBC}") = "Unity.2D.Tilemap.Extras.Editor", "Unity.2D.Tilemap.Extras.Editor.csproj", "{08c41b16-2463-7810-3c8d-bfcb859184f8}"
EndProject
Project("{FAE04EC0-301F-11D3-BF4B-00C04F79EFBC}") = "Unity.Build.Playmode.TestRunner", "Unity.Build.Playmode.TestRunner.csproj", "{71aa4867-f75a-ea42-bbf7-d96ace08e2f8}"
EndProject
Project("{FAE04EC0-301F-11D3-BF4B-00C04F79EFBC}") = "Unity.EditorCoroutines.Editor", "Unity.EditorCoroutines.Editor.csproj", "{6eadfd0b-4bba-e862-948b-0212ac830b2c}"
EndProject
Project("{FAE04EC0-301F-11D3-BF4B-00C04F79EFBC}") = "Unity.Serialization.Editor", "Unity.Serialization.Editor.csproj", "{010628f2-8998-9c7b-f196-0670e214246c}"
EndProject
Project("{FAE04EC0-301F-11D3-BF4B-00C04F79EFBC}") = "Unity.Collections.DocCodeSamples", "Unity.Collections.DocCodeSamples.csproj", "{5602dbae-9a5b-fab1-e2bd-58325c831694}"
EndProject
Project("{FAE04EC0-301F-11D3-BF4B-00C04F79EFBC}") = "Unity.Core.Editor", "Unity.Core.Editor.csproj", "{a66580f2-cbd5-92cd-a91b-d73f886d8176}"
EndProject
Project("{FAE04EC0-301F-11D3-BF4B-00C04F79EFBC}") = "Unity.Rendering.Hybrid.Editor", "Unity.Rendering.Hybrid.Editor.csproj", "{09861a05-836e-4b56-025e-da901d344e98}"
EndProject
Project("{FAE04EC0-301F-11D3-BF4B-00C04F79EFBC}") = "Unity.Entities.CodeGen.Tests.TestTypes", "Unity.Entities.CodeGen.Tests.TestTypes.csproj", "{65c76ab7-1bdf-5c9f-7917-6ec19321c0fb}"
EndProject
Project("{FAE04EC0-301F-11D3-BF4B-00C04F79EFBC}") = "Unity.VisualScripting.Shared.Editor", "Unity.VisualScripting.Shared.Editor.csproj", "{9c6feda4-f6d9-aed2-a563-1700724f1f90}"
EndProject
Project("{FAE04EC0-301F-11D3-BF4B-00C04F79EFBC}") = "Unity.Collections.BurstCompatibilityGen", "Unity.Collections.BurstCompatibilityGen.csproj", "{d61e885b-882b-9984-06dd-637650b86d17}"
EndProject
Project("{FAE04EC0-301F-11D3-BF4B-00C04F79EFBC}") = "Unity.Jobs.CodeGen", "Unity.Jobs.CodeGen.csproj", "{67ea6917-1c2f-e4aa-63ed-cbb88f7477e4}"
EndProject
Project("{FAE04EC0-301F-11D3-BF4B-00C04F79EFBC}") = "Unity.Entities.Hybrid.EndToEnd.Tests", "Unity.Entities.Hybrid.EndToEnd.Tests.csproj", "{40f8c4e6-ea01-3c8e-3112-96a866d203e9}"
EndProject
Project("{FAE04EC0-301F-11D3-BF4B-00C04F79EFBC}") = "UnityEngine.UI", "UnityEngine.UI.Player.csproj", "{14958b70-0093-fa99-8b11-dd929ea6a99d}"
EndProject
Project("{FAE04EC0-301F-11D3-BF4B-00C04F79EFBC}") = "Assembly-CSharp", "Assembly-CSharp.Player.csproj", "{3bdbd7ba-9bf6-f763-aefb-68d720f329de}"
EndProject
Project("{FAE04EC0-301F-11D3-BF4B-00C04F79EFBC}") = "Unity.RenderPipelines.Core.Runtime", "Unity.RenderPipelines.Core.Runtime.Player.csproj", "{554c69c1-2ae5-7621-3b6c-e80fa7381eb9}"
EndProject
Project("{FAE04EC0-301F-11D3-BF4B-00C04F79EFBC}") = "UnityEngine.TestRunner", "UnityEngine.TestRunner.Player.csproj", "{714d77ba-02b7-c63e-f066-8b4608155ba6}"
EndProject
Project("{FAE04EC0-301F-11D3-BF4B-00C04F79EFBC}") = "Unity.Rendering.Hybrid", "Unity.Rendering.Hybrid.Player.csproj", "{3b2ea900-192f-396a-76cf-b8ab81e9164e}"
EndProject
Project("{FAE04EC0-301F-11D3-BF4B-00C04F79EFBC}") = "Unity.Entities", "Unity.Entities.Player.csproj", "{ae911bb0-0263-10ad-74c4-7d70fb71a2da}"
EndProject
Project("{FAE04EC0-301F-11D3-BF4B-00C04F79EFBC}") = "Unity.Services.Core.Telemetry", "Unity.Services.Core.Telemetry.Player.csproj", "{978f496f-6829-5b5e-2c9a-ac0a2d108301}"
EndProject
Project("{FAE04EC0-301F-11D3-BF4B-00C04F79EFBC}") = "Unity.Transforms.Hybrid", "Unity.Transforms.Hybrid.Player.csproj", "{931d54d9-3595-bb6e-4dec-0c623d6d711f}"
EndProject
Project("{FAE04EC0-301F-11D3-BF4B-00C04F79EFBC}") = "Unity.VisualScripting.State", "Unity.VisualScripting.State.Player.csproj", "{15bf1ad8-aa0b-fdea-c4d3-81d32317ef2d}"
EndProject
Project("{FAE04EC0-301F-11D3-BF4B-00C04F79EFBC}") = "Unity.RenderPipelines.Universal.Runtime", "Unity.RenderPipelines.Universal.Runtime.Player.csproj", "{64705b6d-a7fd-846c-ee94-4541f5ff6e68}"
EndProject
Project("{FAE04EC0-301F-11D3-BF4B-00C04F79EFBC}") = "Unity.Entities.Hybrid", "Unity.Entities.Hybrid.Player.csproj", "{f9ebc63c-8223-4833-4d8e-d4809f989309}"
EndProject
Project("{FAE04EC0-301F-11D3-BF4B-00C04F79EFBC}") = "Unity.VisualScripting.Flow", "Unity.VisualScripting.Flow.Player.csproj", "{15b72ffb-0f23-f0a9-4d66-f426737723fc}"
EndProject
Project("{FAE04EC0-301F-11D3-BF4B-00C04F79EFBC}") = "Unity.VisualScripting.Core", "Unity.VisualScripting.Core.Player.csproj", "{c009a8f1-3048-f721-b9ba-2d4db85df9ff}"
EndProject
Project("{FAE04EC0-301F-11D3-BF4B-00C04F79EFBC}") = "Unity.Serialization", "Unity.Serialization.Player.csproj", "{90c3df03-8afb-ca68-4825-cac227f35207}"
EndProject
Project("{FAE04EC0-301F-11D3-BF4B-00C04F79EFBC}") = "Unity.Services.Core.Environments.Internal", "Unity.Services.Core.Environments.Internal.Player.csproj", "{568eb477-857d-bb97-4e9d-b28f5b362769}"
EndProject
Project("{FAE04EC0-301F-11D3-BF4B-00C04F79EFBC}") = "Unity.TextMeshPro", "Unity.TextMeshPro.Player.csproj", "{1185b63e-126f-6442-267b-87488ed69e59}"
EndProject
Project("{FAE04EC0-301F-11D3-BF4B-00C04F79EFBC}") = "Unity.Burst", "Unity.Burst.Player.csproj", "{ad30cd6f-4219-bbd4-7f19-9e93b241df9c}"
EndProject
Project("{FAE04EC0-301F-11D3-BF4B-00C04F79EFBC}") = "Unity.RenderPipeline.Universal.ShaderLibrary", "Unity.RenderPipeline.Universal.ShaderLibrary.Player.csproj", "{6b041c5d-7343-aed5-5b2a-472e53edf57a}"
EndProject
Project("{FAE04EC0-301F-11D3-BF4B-00C04F79EFBC}") = "Unity.PerformanceTesting", "Unity.PerformanceTesting.Player.csproj", "{66864854-eee1-5ad3-94a4-f41b5a848097}"
EndProject
Project("{FAE04EC0-301F-11D3-BF4B-00C04F79EFBC}") = "Unity.Services.Core.Environments", "Unity.Services.Core.Environments.Player.csproj", "{e0d3025e-f710-1311-0393-9574c59d2b83}"
EndProject
Project("{FAE04EC0-301F-11D3-BF4B-00C04F79EFBC}") = "Unity.Properties.UI", "Unity.Properties.UI.Player.csproj", "{49afb6c4-7390-afe4-bce5-182a97effadc}"
EndProject
Project("{FAE04EC0-301F-11D3-BF4B-00C04F79EFBC}") = "Unity.Services.Core.Internal", "Unity.Services.Core.Internal.Player.csproj", "{b63f19f3-8d98-0412-10df-e90e3ab353b5}"
EndProject
Project("{FAE04EC0-301F-11D3-BF4B-00C04F79EFBC}") = "Unity.Properties", "Unity.Properties.Player.csproj", "{3440c75a-64bd-aab5-661f-98bcd454b7e5}"
EndProject
Project("{FAE04EC0-301F-11D3-BF4B-00C04F79EFBC}") = "Unity.Collections", "Unity.Collections.Player.csproj", "{45bb9719-36c4-1411-5555-d1232591863f}"
EndProject
Project("{FAE04EC0-301F-11D3-BF4B-00C04F79EFBC}") = "Unity.Timeline", "Unity.Timeline.Player.csproj", "{0c09605f-6367-7807-a560-34b07d4f71a0}"
EndProject
Project("{FAE04EC0-301F-11D3-BF4B-00C04F79EFBC}") = "Unity.Mathematics", "Unity.Mathematics.Player.csproj", "{50b3dc64-dd50-a570-185e-83ddc61a9c35}"
EndProject
Project("{FAE04EC0-301F-11D3-BF4B-00C04F79EFBC}") = "Unity.VisualEffectGraph.Runtime", "Unity.VisualEffectGraph.Runtime.Player.csproj", "{bbc074ff-1278-fdeb-1482-a0fdad825115}"
EndProject
Project("{FAE04EC0-301F-11D3-BF4B-00C04F79EFBC}") = "Unity.Services.Core.Scheduler", "Unity.Services.Core.Scheduler.Player.csproj", "{a2d7fa02-efd6-21f7-3d78-87dd0ca6a996}"
EndProject
Project("{FAE04EC0-301F-11D3-BF4B-00C04F79EFBC}") = "Unity.Scenes", "Unity.Scenes.Player.csproj", "{e1b1a315-d230-4c68-274e-f881cdd475c8}"
EndProject
Project("{FAE04EC0-301F-11D3-BF4B-00C04F79EFBC}") = "Unity.Services.Core.Device", "Unity.Services.Core.Device.Player.csproj", "{b82f80f5-b683-e7f6-4796-5175ba3298ac}"
EndProject
Project("{FAE04EC0-301F-11D3-BF4B-00C04F79EFBC}") = "Unity.InternalAPIEngineBridge.002", "Unity.InternalAPIEngineBridge.002.Player.csproj", "{ccc09076-c6ff-1080-5a40-f74783d5e767}"
EndProject
Project("{FAE04EC0-301F-11D3-BF4B-00C04F79EFBC}") = "VFXGraph.OutputEventHandlers", "VFXGraph.OutputEventHandlers.Player.csproj", "{fa9e127b-b208-02ca-77c1-cbd232635b63}"
EndProject
Project("{FAE04EC0-301F-11D3-BF4B-00C04F79EFBC}") = "Unity.Transforms", "Unity.Transforms.Player.csproj", "{5d3b940e-7933-ff66-e083-79aa6942e6a9}"
EndProject
Project("{FAE04EC0-301F-11D3-BF4B-00C04F79EFBC}") = "Unity.Services.Core.Analytics", "Unity.Services.Core.Analytics.Player.csproj", "{bb4526cc-aaa4-c7ff-b32b-aabc9a1434c7}"
EndProject
Project("{FAE04EC0-301F-11D3-BF4B-00C04F79EFBC}") = "Unity.Platforms.Common", "Unity.Platforms.Common.Player.csproj", "{44bc5bbf-ead8-7e76-4ddb-ee3721073274}"
EndProject
Project("{FAE04EC0-301F-11D3-BF4B-00C04F79EFBC}") = "Unity.2D.Tilemap.Extras", "Unity.2D.Tilemap.Extras.Player.csproj", "{5f2e4ab7-a2f1-1a0a-fbf7-aa89b060ef2e}"
EndProject
Project("{FAE04EC0-301F-11D3-BF4B-00C04F79EFBC}") = "Unity.Properties.Reflection", "Unity.Properties.Reflection.Player.csproj", "{e686885c-93cc-d6a9-8b0a-db6ca9309b3c}"
EndProject
Project("{FAE04EC0-301F-11D3-BF4B-00C04F79EFBC}") = "Unity.Profiling.Core", "Unity.Profiling.Core.Player.csproj", "{85e7c5be-e131-648f-5b04-fd736c54e356}"
EndProject
Project("{FAE04EC0-301F-11D3-BF4B-00C04F79EFBC}") = "Unity.Services.Core.Threading", "Unity.Services.Core.Threading.Player.csproj", "{6733b865-a951-fc40-08c0-dc6c15f042c9}"
EndProject
Project("{FAE04EC0-301F-11D3-BF4B-00C04F79EFBC}") = "Unity.Services.Core.Configuration", "Unity.Services.Core.Configuration.Player.csproj", "{bd487687-85c6-3a39-b1c9-98dac58f38fd}"
EndProject
Project("{FAE04EC0-301F-11D3-BF4B-00C04F79EFBC}") = "Unity.InternalAPIEngineBridge.012", "Unity.InternalAPIEngineBridge.012.Player.csproj", "{e73e90cd-4924-c003-9b58-54b5bec985c5}"
EndProject
Project("{FAE04EC0-301F-11D3-BF4B-00C04F79EFBC}") = "Unity.Services.Core", "Unity.Services.Core.Player.csproj", "{c87079e6-ffec-93d7-8f24-016c000f401b}"
EndProject
Project("{FAE04EC0-301F-11D3-BF4B-00C04F79EFBC}") = "Unity.Services.Core.Networking", "Unity.Services.Core.Networking.Player.csproj", "{1314c2a5-5565-fafd-c1a9-d430ef88dadd}"
EndProject
Project("{FAE04EC0-301F-11D3-BF4B-00C04F79EFBC}") = "Unity.Entities.Hybrid.HybridComponents", "Unity.Entities.Hybrid.HybridComponents.Player.csproj", "{0c170bea-a8ac-7d1d-ccb6-e69e998aca05}"
EndProject
Project("{FAE04EC0-301F-11D3-BF4B-00C04F79EFBC}") = "Unity.Jobs", "Unity.Jobs.Player.csproj", "{0907f06e-7edc-e847-202c-59f44b8b3c90}"
EndProject
Project("{FAE04EC0-301F-11D3-BF4B-00C04F79EFBC}") = "Unity.Services.Core.Registration", "Unity.Services.Core.Registration.Player.csproj", "{14420050-6225-8b79-2ebe-500d6afb9325}"
EndProject
Project("{FAE04EC0-301F-11D3-BF4B-00C04F79EFBC}") = "Unity.RenderPipelines.ShaderGraph.ShaderGraphLibrary", "Unity.RenderPipelines.ShaderGraph.ShaderGraphLibrary.Player.csproj", "{e19f7994-b297-3c3f-a2cb-941c9268b082}"
EndProject
Project("{FAE04EC0-301F-11D3-BF4B-00C04F79EFBC}") = "Unity.ScriptableBuildPipeline", "Unity.ScriptableBuildPipeline.Player.csproj", "{c907e91e-60d8-4b5a-3f3a-2fa97493664c}"
EndProject
Project("{FAE04EC0-301F-11D3-BF4B-00C04F79EFBC}") = "Unity.Mathematics.Extensions", "Unity.Mathematics.Extensions.Player.csproj", "{e9fb131f-6b8d-98dd-cdb2-ac3d61b3c898}"
EndProject
Project("{FAE04EC0-301F-11D3-BF4B-00C04F79EFBC}") = "Unity.RenderPipelines.Core.ShaderLibrary", "Unity.RenderPipelines.Core.ShaderLibrary.Player.csproj", "{e92a912b-56ba-c5b2-9ce6-aeb0de99a794}"
EndProject
Project("{FAE04EC0-301F-11D3-BF4B-00C04F79EFBC}") = "Unity.Mathematics.Extensions.Hybrid", "Unity.Mathematics.Extensions.Hybrid.Player.csproj", "{a835a054-3d46-ea3e-4eb8-c1ece8f20420}"
EndProject
Project("{FAE04EC0-301F-11D3-BF4B-00C04F79EFBC}") = "Unity.Deformations", "Unity.Deformations.Player.csproj", "{d2dc6377-1fa5-873e-480e-c0a80639d199}"
EndProject
Project("{FAE04EC0-301F-11D3-BF4B-00C04F79EFBC}") = "Unity.RenderPipelines.Universal.Shaders", "Unity.RenderPipelines.Universal.Shaders.Player.csproj", "{a0bf944a-d3f5-1388-7083-dd3273caddee}"
EndProject
Project("{FAE04EC0-301F-11D3-BF4B-00C04F79EFBC}") = "Unity.Entities.CodeGen.Tests", "Unity.Entities.CodeGen.Tests.csproj", "{f3b466f3-1c2c-8cb6-2db1-d8bc3d23c1d6}"
EndProject
Project("{FAE04EC0-301F-11D3-BF4B-00C04F79EFBC}") = "Unity.Mathematics.Tests", "Unity.Mathematics.Tests.csproj", "{5dfe5a79-966a-7f39-493a-b628df823f4d}"
EndProject
Project("{FAE04EC0-301F-11D3-BF4B-00C04F79EFBC}") = "Unity.Entities.PerformanceTests", "Unity.Entities.PerformanceTests.csproj", "{53820e40-2e30-fdf0-1b8f-2c28e8147870}"
EndProject
Project("{FAE04EC0-301F-11D3-BF4B-00C04F79EFBC}") = "Unity.Transforms.PerformanceTests", "Unity.Transforms.PerformanceTests.csproj", "{eff147c4-28ba-57f5-04ee-795b8bf9d9a0}"
EndProject
Project("{FAE04EC0-301F-11D3-BF4B-00C04F79EFBC}") = "Unity.Transforms.Tests", "Unity.Transforms.Tests.csproj", "{dd018043-3ec8-3469-7a37-56f93bc1a9a3}"
EndProject
Project("{FAE04EC0-301F-11D3-BF4B-00C04F79EFBC}") = "Unity.Build.Classic.Tests", "Unity.Build.Classic.Tests.csproj", "{1f81466c-7c14-57b9-1da4-495ac802c2a7}"
EndProject
Project("{FAE04EC0-301F-11D3-BF4B-00C04F79EFBC}") = "Unity.ScriptableBuildPipeline.Editor.Tests", "Unity.ScriptableBuildPipeline.Editor.Tests.csproj", "{11d3316c-de44-e07b-d643-13c09c1d75de}"
EndProject
Project("{FAE04EC0-301F-11D3-BF4B-00C04F79EFBC}") = "Unity.Entities.Editor.PerformanceTests", "Unity.Entities.Editor.PerformanceTests.csproj", "{2d1632cd-c5f4-4a72-8828-d68c3f5b1296}"
EndProject
Project("{FAE04EC0-301F-11D3-BF4B-00C04F79EFBC}") = "Unity.Scenes.Hybrid.Tests.Playmode", "Unity.Scenes.Hybrid.Tests.Playmode.csproj", "{c947ca30-3b96-c903-53b3-4188ea904dce}"
EndProject
Project("{FAE04EC0-301F-11D3-BF4B-00C04F79EFBC}") = "Unity.Build.PerformanceTests", "Unity.Build.PerformanceTests.csproj", "{39ce3252-d112-4bd5-7a9a-4670f0954781}"
EndProject
Project("{FAE04EC0-301F-11D3-BF4B-00C04F79EFBC}") = "Unity.Scenes.Tests", "Unity.Scenes.Tests.csproj", "{9f06335b-bb9d-7c5f-52ed-dd5a1400d9f6}"
EndProject
Project("{FAE04EC0-301F-11D3-BF4B-00C04F79EFBC}") = "Unity.Burst.Tests.UnitTests", "Unity.Burst.Tests.UnitTests.csproj", "{51dc559e-64e4-5847-8d66-484224e32439}"
EndProject
Project("{FAE04EC0-301F-11D3-BF4B-00C04F79EFBC}") = "Unity.PlasticSCM.EditorTests", "Unity.PlasticSCM.EditorTests.csproj", "{710289cd-97e3-3096-1ced-0f95092ef378}"
EndProject
Project("{FAE04EC0-301F-11D3-BF4B-00C04F79EFBC}") = "Unity.Serialization.PerformanceTests", "Unity.Serialization.PerformanceTests.csproj", "{4d424435-dc55-4d1c-4ada-efde50a2a753}"
EndProject
Project("{FAE04EC0-301F-11D3-BF4B-00C04F79EFBC}") = "Unity.Properties.Reflection.Tests", "Unity.Properties.Reflection.Tests.csproj", "{209d8e8b-56f2-0101-cc71-630f52517a57}"
EndProject
Project("{FAE04EC0-301F-11D3-BF4B-00C04F79EFBC}") = "Unity.VisualEffectGraph.Editor.Tests", "Unity.VisualEffectGraph.Editor.Tests.csproj", "{a818b192-07c3-2b0b-7ed3-771c6814eae5}"
EndProject
Project("{FAE04EC0-301F-11D3-BF4B-00C04F79EFBC}") = "Unity.Entities.Hybrid.CodeGen.Tests", "Unity.Entities.Hybrid.CodeGen.Tests.csproj", "{459e4e44-6a13-8bda-a8b0-bb35df370389}"
EndProject
Project("{FAE04EC0-301F-11D3-BF4B-00C04F79EFBC}") = "Unity.Searcher.EditorTests", "Unity.Searcher.EditorTests.csproj", "{c6f1f749-b887-2266-12c5-97cbe6275ce9}"
EndProject
Project("{FAE04EC0-301F-11D3-BF4B-00C04F79EFBC}") = "Unity.Properties.UI.Tests", "Unity.Properties.UI.Tests.csproj", "{892384c0-c0b2-73e9-e413-fd0f5f6cc5d1}"
EndProject
Project("{FAE04EC0-301F-11D3-BF4B-00C04F79EFBC}") = "Unity.Serialization.Tests", "Unity.Serialization.Tests.csproj", "{83eca1b1-55fa-f23b-7a4a-62308a379ca6}"
EndProject
Project("{FAE04EC0-301F-11D3-BF4B-00C04F79EFBC}") = "Unity.Burst.Editor.Tests", "Unity.Burst.Editor.Tests.csproj", "{57df9f6e-1b9d-a0e5-7a6d-2a2dde17c92a}"
EndProject
Project("{FAE04EC0-301F-11D3-BF4B-00C04F79EFBC}") = "Unity.Entities.Tests", "Unity.Entities.Tests.csproj", "{8448d6a0-9a47-8152-34a1-ea93c6d54787}"
EndProject
Project("{FAE04EC0-301F-11D3-BF4B-00C04F79EFBC}") = "Unity.TestTools.CodeCoverage.Editor.Compatibility", "Unity.TestTools.CodeCoverage.Editor.Compatibility.csproj", "{0e1f839a-af0e-bb1a-b5b2-6194604d8451}"
EndProject
Project("{FAE04EC0-301F-11D3-BF4B-00C04F79EFBC}") = "Unity.PerformanceTesting.Tests.Editor", "Unity.PerformanceTesting.Tests.Editor.csproj", "{62882023-5de4-9835-f4f6-445140603cd5}"
EndProject
Project("{FAE04EC0-301F-11D3-BF4B-00C04F79EFBC}") = "Unity.TextMeshPro.Editor.Tests", "Unity.TextMeshPro.Editor.Tests.csproj", "{df3ecb73-93c9-f467-f895-e7495b795f9f}"
EndProject
Project("{FAE04EC0-301F-11D3-BF4B-00C04F79EFBC}") = "DocCodeExamples", "DocCodeExamples.csproj", "{e5a44dbc-f2cf-bb0c-a8e8-35fc0e0fe80e}"
EndProject
Project("{FAE04EC0-301F-11D3-BF4B-00C04F79EFBC}") = "Unity.Properties.CodeGen.Tests.Types", "Unity.Properties.CodeGen.Tests.Types.csproj", "{01aa17a2-03ef-6aad-3c99-39dcc2f8aff9}"
EndProject
Project("{FAE04EC0-301F-11D3-BF4B-00C04F79EFBC}") = "Unity.Roslyn.Tests", "Unity.Roslyn.Tests.csproj", "{d2fde7cb-102c-2c60-543c-6f1df89c3e79}"
EndProject
Project("{FAE04EC0-301F-11D3-BF4B-00C04F79EFBC}") = "Unity.RenderPipelines.Universal.Editor.Tests", "Unity.RenderPipelines.Universal.Editor.Tests.csproj", "{3dbabdf4-fa45-7f55-c73b-7f50f89c410f}"
EndProject
Project("{FAE04EC0-301F-11D3-BF4B-00C04F79EFBC}") = "Unity.Collections.Tests", "Unity.Collections.Tests.csproj", "{948464bc-7b1c-9099-f5a6-25a8c1627981}"
EndProject
Project("{FAE04EC0-301F-11D3-BF4B-00C04F79EFBC}") = "Unity.Performance.Profile-Analyzer.EditorTests", "Unity.Performance.Profile-Analyzer.EditorTests.csproj", "{1a25ab22-fd42-d878-f927-690ee0f7a41e}"
EndProject
Project("{FAE04EC0-301F-11D3-BF4B-00C04F79EFBC}") = "Unity.Properties.Tests", "Unity.Properties.Tests.csproj", "{686ee455-2da4-2560-9938-20ce01389300}"
EndProject
Project("{FAE04EC0-301F-11D3-BF4B-00C04F79EFBC}") = "Unity.CollabProxy.EditorTests", "Unity.CollabProxy.EditorTests.csproj", "{d56d4504-c992-b86a-674d-3b8cb2786b7c}"
EndProject
Project("{FAE04EC0-301F-11D3-BF4B-00C04F79EFBC}") = "Unity.Settings.Tests", "Unity.Settings.Tests.csproj", "{08b937aa-5c52-6932-bcca-3fab7d1199ec}"
EndProject
Project("{FAE04EC0-301F-11D3-BF4B-00C04F79EFBC}") = "DocCodeSamples", "DocCodeSamples.csproj", "{70d8cf3d-b052-be9b-8ca5-23682359e9c8}"
EndProject
Project("{FAE04EC0-301F-11D3-BF4B-00C04F79EFBC}") = "Unity.PerformanceTesting.Tests.Runtime", "Unity.PerformanceTesting.Tests.Runtime.csproj", "{1046342a-c0b2-c2a0-da33-c01bd96d9a2e}"
EndProject
Project("{FAE04EC0-301F-11D3-BF4B-00C04F79EFBC}") = "UnityEngine.UI.Tests", "UnityEngine.UI.Tests.csproj", "{d7e1e190-ee1f-788f-28d2-16da9ce74bf9}"
EndProject
Project("{FAE04EC0-301F-11D3-BF4B-00C04F79EFBC}") = "Unity.Properties.CodeGen.IntegrationTests", "Unity.Properties.CodeGen.IntegrationTests.csproj", "{ae9d0b51-5efb-6973-c2ee-dfa125df57c0}"
EndProject
Project("{FAE04EC0-301F-11D3-BF4B-00C04F79EFBC}") = "Unity.Transforms.Hybrid.Tests", "Unity.Transforms.Hybrid.Tests.csproj", "{f27d434a-464d-b03f-8d0b-b33598dae4f2}"
EndProject
Project("{FAE04EC0-301F-11D3-BF4B-00C04F79EFBC}") = "Unity.Collections.Tests.Playmode", "Unity.Collections.Tests.Playmode.csproj", "{9854a8d8-eabd-6659-e5c3-a99dacf62dbe}"
EndProject
Project("{FAE04EC0-301F-11D3-BF4B-00C04F79EFBC}") = "Unity.Nuget.Mono-Cecil", "Unity.Nuget.Mono-Cecil.csproj", "{4d314480-79c5-a8bc-a81e-a82ad9e88d90}"
EndProject
Project("{FAE04EC0-301F-11D3-BF4B-00C04F79EFBC}") = "MockTests", "MockTests.csproj", "{40810a8b-f014-2e11-0f8d-901a8228fda9}"
EndProject
Project("{FAE04EC0-301F-11D3-BF4B-00C04F79EFBC}") = "Unity.Properties.UI.PerformanceTests", "Unity.Properties.UI.PerformanceTests.csproj", "{71824472-8810-4deb-f3ae-17e8b0cef83c}"
EndProject
Project("{FAE04EC0-301F-11D3-BF4B-00C04F79EFBC}") = "Unity.Entities.Hybrid.PerformanceTests", "Unity.Entities.Hybrid.PerformanceTests.csproj", "{13b11197-3179-7621-57a6-0bda9eacba52}"
EndProject
Project("{FAE04EC0-301F-11D3-BF4B-00C04F79EFBC}") = "Unity.Build.Tests", "Unity.Build.Tests.csproj", "{14faaf16-a447-7e14-35c2-2b4857953774}"
EndProject
Project("{FAE04EC0-301F-11D3-BF4B-00C04F79EFBC}") = "Unity.Scenes.Hybrid.Tests", "Unity.Scenes.Hybrid.Tests.csproj", "{39fa96d8-ae61-e0f3-bf01-ec64d7ea6e6b}"
EndProject
Project("{FAE04EC0-301F-11D3-BF4B-00C04F79EFBC}") = "Unity.Burst.Tests", "Unity.Burst.Tests.csproj", "{0dfd6588-45df-8482-15fe-f99d0249782e}"
EndProject
Project("{FAE04EC0-301F-11D3-BF4B-00C04F79EFBC}") = "Unity.Roslyn.EditorTests", "Unity.Roslyn.EditorTests.csproj", "{e9135d98-b305-012f-7a69-4c639923a422}"
EndProject
Project("{FAE04EC0-301F-11D3-BF4B-00C04F79EFBC}") = "Unity.TextMeshPro.Tests", "Unity.TextMeshPro.Tests.csproj", "{ca9ba76f-b837-3f33-a0aa-58736ddeb80b}"
EndProject
Project("{FAE04EC0-301F-11D3-BF4B-00C04F79EFBC}") = "Unity.Properties.Editor.Tests", "Unity.Properties.Editor.Tests.csproj", "{bf793614-99dc-d194-b95f-53c63550efb7}"
EndProject
Project("{FAE04EC0-301F-11D3-BF4B-00C04F79EFBC}") = "SeparateAssembly", "SeparateAssembly.csproj", "{b84060b1-6d15-f67b-2059-2b62daaba13e}"
EndProject
Project("{FAE04EC0-301F-11D3-BF4B-00C04F79EFBC}") = "UnityEditor.UI.EditorTests", "UnityEditor.UI.EditorTests.csproj", "{fb569d17-ecbc-709f-d985-8d99e8980a39}"
EndProject
Project("{FAE04EC0-301F-11D3-BF4B-00C04F79EFBC}") = "Unity.2D.Tilemap.Package.EditorTests", "Unity.2D.Tilemap.Package.EditorTests.csproj", "{18686c69-ec27-f099-e9ec-5ecdc3ca8e63}"
EndProject
Project("{FAE04EC0-301F-11D3-BF4B-00C04F79EFBC}") = "Unity.Rendering.Hybrid.Tests", "Unity.Rendering.Hybrid.Tests.csproj", "{fde178b2-cbbf-60a7-520d-4953d81cbd5f}"
EndProject
Project("{FAE04EC0-301F-11D3-BF4B-00C04F79EFBC}") = "Unity.RenderPipelines.Universal.Runtime.Tests", "Unity.RenderPipelines.Universal.Runtime.Tests.csproj", "{8a4ec5db-a624-bd5a-2d0f-c6fbe39d9f67}"
EndProject
Project("{FAE04EC0-301F-11D3-BF4B-00C04F79EFBC}") = "Unity.ScriptableBuildPipeline.Tests", "Unity.ScriptableBuildPipeline.Tests.csproj", "{764c2cc5-12d0-309d-a23f-9ceef789bf27}"
EndProject
Project("{FAE04EC0-301F-11D3-BF4B-00C04F79EFBC}") = "Unity.Entities.Hybrid.Tests", "Unity.Entities.Hybrid.Tests.csproj", "{0c36d94f-22c1-c9cc-eaef-bc59416cac58}"
EndProject
Project("{FAE04EC0-301F-11D3-BF4B-00C04F79EFBC}") = "Unity.Properties.CodeGen.Tests", "Unity.Properties.CodeGen.Tests.csproj", "{7a8604e6-71f0-6b66-0979-19033625a5f9}"
EndProject
Project("{FAE04EC0-301F-11D3-BF4B-00C04F79EFBC}") = "Unity.VisualEffectGraph.Runtime.Tests", "Unity.VisualEffectGraph.Runtime.Tests.csproj", "{1f2d8f41-474a-212f-6757-d8721952ceca}"
EndProject
Project("{FAE04EC0-301F-11D3-BF4B-00C04F79EFBC}") = "Unity.RenderPipelines.Core.Editor.Tests", "Unity.RenderPipelines.Core.Editor.Tests.csproj", "{bd0c44da-0010-7264-a015-20e8f285db4e}"
EndProject
Project("{FAE04EC0-301F-11D3-BF4B-00C04F79EFBC}") = "Unity.2D.Tilemap.Extras.Placeholder.EditorTests", "Unity.2D.Tilemap.Extras.Placeholder.EditorTests.csproj", "{4c262bde-5179-8a14-45ea-c646b269bf4f}"
EndProject
Project("{FAE04EC0-301F-11D3-BF4B-00C04F79EFBC}") = "Unity.Platforms.RunLoop", "Unity.Platforms.RunLoop.csproj", "{78c4d11e-550e-e421-5738-e732ae88ec44}"
EndProject
Project("{FAE04EC0-301F-11D3-BF4B-00C04F79EFBC}") = "Unity.Scenes.Editor.Tests", "Unity.Scenes.Editor.Tests.csproj", "{91c7eff4-8dc8-2eb9-53d5-36ad6a1228eb}"
EndProject
Project("{FAE04EC0-301F-11D3-BF4B-00C04F79EFBC}") = "Unity.Entities.TestComponents", "Unity.Entities.TestComponents.csproj", "{69d3ffb0-ec25-ad19-568e-4ab7529700fb}"
EndProject
Project("{FAE04EC0-301F-11D3-BF4B-00C04F79EFBC}") = "Unity.Scenes.Editor.PerformanceTests", "Unity.Scenes.Editor.PerformanceTests.csproj", "{93aa2b0e-e556-f6e4-18b9-0a24fdf17990}"
EndProject
Project("{FAE04EC0-301F-11D3-BF4B-00C04F79EFBC}") = "UnityEditor.CacheServerTests", "UnityEditor.CacheServerTests.csproj", "{5b90ab87-32fe-2175-8438-b688021d0376}"
EndProject
Project("{FAE04EC0-301F-11D3-BF4B-00C04F79EFBC}") = "Unity.Properties.CodeGen.PerformanceTests", "Unity.Properties.CodeGen.PerformanceTests.csproj", "{1feb2fef-f463-05a8-512d-2cb85c43275e}"
EndProject
Project("{FAE04EC0-301F-11D3-BF4B-00C04F79EFBC}") = "Unity.Entities.Editor.Tests", "Unity.Entities.Editor.Tests.csproj", "{9704deef-ba8e-012a-0a57-839cbdaf4ec1}"
EndProject
Project("{FAE04EC0-301F-11D3-BF4B-00C04F79EFBC}") = "Unity.Jobs.Tests", "Unity.Jobs.Tests.csproj", "{58a34799-58b3-0882-25be-e835c1492aca}"
EndProject
Project("{FAE04EC0-301F-11D3-BF4B-00C04F79EFBC}") = "Unity.RenderPipelines.Core.Runtime.Tests", "Unity.RenderPipelines.Core.Runtime.Tests.csproj", "{734b7b01-e9dd-0518-3a1a-185d9e60d151}"
EndProject
Project("{FAE04EC0-301F-11D3-BF4B-00C04F79EFBC}") = "Unity.ShaderGraph.Editor.Tests", "Unity.ShaderGraph.Editor.Tests.csproj", "{2cbc4c21-3522-1c74-aa80-5751081c8c19}"
EndProject
Project("{FAE04EC0-301F-11D3-BF4B-00C04F79EFBC}") = "Unity.Scenes.PerformanceTests", "Unity.Scenes.PerformanceTests.csproj", "{1c59f0e4-da9e-ebc0-bf70-d10316ae156d}"
EndProject
Global
	GlobalSection(SolutionConfigurationPlatforms) = preSolution
		Debug|Any CPU = Debug|Any CPU
	EndGlobalSection
	GlobalSection(ProjectConfigurationPlatforms) = postSolution
		{70509010-93b5-ea04-7e4a-54afacaed956}.Debug|Any CPU.ActiveCfg = Debug|Any CPU
		{70509010-93b5-ea04-7e4a-54afacaed956}.Debug|Any CPU.Build.0 = Debug|Any CPU
		{bdc1baa4-d1ce-4ef5-4835-1164515422bf}.Debug|Any CPU.ActiveCfg = Debug|Any CPU
		{bdc1baa4-d1ce-4ef5-4835-1164515422bf}.Debug|Any CPU.Build.0 = Debug|Any CPU
		{9bd595c4-becc-7203-def9-c09ed339b927}.Debug|Any CPU.ActiveCfg = Debug|Any CPU
		{9bd595c4-becc-7203-def9-c09ed339b927}.Debug|Any CPU.Build.0 = Debug|Any CPU
		{e3c8a381-03ab-a9fe-f51f-a7d4149968f8}.Debug|Any CPU.ActiveCfg = Debug|Any CPU
		{e3c8a381-03ab-a9fe-f51f-a7d4149968f8}.Debug|Any CPU.Build.0 = Debug|Any CPU
		{9b75ab22-d3ad-4c5c-8932-0b6c7dd27cc6}.Debug|Any CPU.ActiveCfg = Debug|Any CPU
		{9b75ab22-d3ad-4c5c-8932-0b6c7dd27cc6}.Debug|Any CPU.Build.0 = Debug|Any CPU
		{015ed637-c5b2-a7b7-7b2f-d230e17b55cc}.Debug|Any CPU.ActiveCfg = Debug|Any CPU
		{015ed637-c5b2-a7b7-7b2f-d230e17b55cc}.Debug|Any CPU.Build.0 = Debug|Any CPU
		{1139023a-9b1d-48ba-6ed2-f2fdbb959e72}.Debug|Any CPU.ActiveCfg = Debug|Any CPU
		{1139023a-9b1d-48ba-6ed2-f2fdbb959e72}.Debug|Any CPU.Build.0 = Debug|Any CPU
		{51f3a899-c349-e14e-e408-bd55fbd761cb}.Debug|Any CPU.ActiveCfg = Debug|Any CPU
		{51f3a899-c349-e14e-e408-bd55fbd761cb}.Debug|Any CPU.Build.0 = Debug|Any CPU
		{1904991c-91d9-bb1f-31eb-15926795fd8e}.Debug|Any CPU.ActiveCfg = Debug|Any CPU
		{1904991c-91d9-bb1f-31eb-15926795fd8e}.Debug|Any CPU.Build.0 = Debug|Any CPU
		{2cd33a27-1810-3832-d837-95bf328c8275}.Debug|Any CPU.ActiveCfg = Debug|Any CPU
		{2cd33a27-1810-3832-d837-95bf328c8275}.Debug|Any CPU.Build.0 = Debug|Any CPU
		{fbbf35e7-d375-6d3d-9ebf-7e5863ca3e86}.Debug|Any CPU.ActiveCfg = Debug|Any CPU
		{fbbf35e7-d375-6d3d-9ebf-7e5863ca3e86}.Debug|Any CPU.Build.0 = Debug|Any CPU
		{e7f272ee-61ba-e1f3-bb7c-7853e53705f4}.Debug|Any CPU.ActiveCfg = Debug|Any CPU
		{e7f272ee-61ba-e1f3-bb7c-7853e53705f4}.Debug|Any CPU.Build.0 = Debug|Any CPU
		{27510190-dbfc-b600-0746-20507c864af3}.Debug|Any CPU.ActiveCfg = Debug|Any CPU
		{27510190-dbfc-b600-0746-20507c864af3}.Debug|Any CPU.Build.0 = Debug|Any CPU
		{d5825575-0da1-534e-fa27-3eac51eabf05}.Debug|Any CPU.ActiveCfg = Debug|Any CPU
		{d5825575-0da1-534e-fa27-3eac51eabf05}.Debug|Any CPU.Build.0 = Debug|Any CPU
		{5dd3a515-acac-0b90-f797-55cf5c132d5b}.Debug|Any CPU.ActiveCfg = Debug|Any CPU
		{5dd3a515-acac-0b90-f797-55cf5c132d5b}.Debug|Any CPU.Build.0 = Debug|Any CPU
		{85ef7e8c-1285-332b-e8e4-71ba906e95ff}.Debug|Any CPU.ActiveCfg = Debug|Any CPU
		{85ef7e8c-1285-332b-e8e4-71ba906e95ff}.Debug|Any CPU.Build.0 = Debug|Any CPU
		{e7acdefb-0daf-1f1d-849e-e55cd8934cd9}.Debug|Any CPU.ActiveCfg = Debug|Any CPU
		{e7acdefb-0daf-1f1d-849e-e55cd8934cd9}.Debug|Any CPU.Build.0 = Debug|Any CPU
		{4185ffb7-2d29-3adc-9f3a-4cd852f2894c}.Debug|Any CPU.ActiveCfg = Debug|Any CPU
		{4185ffb7-2d29-3adc-9f3a-4cd852f2894c}.Debug|Any CPU.Build.0 = Debug|Any CPU
		{e70ea587-5c1f-15f8-4029-55b79cfb3e3b}.Debug|Any CPU.ActiveCfg = Debug|Any CPU
		{e70ea587-5c1f-15f8-4029-55b79cfb3e3b}.Debug|Any CPU.Build.0 = Debug|Any CPU
		{d158aac2-be6c-01ee-d0f8-30811cc0444c}.Debug|Any CPU.ActiveCfg = Debug|Any CPU
		{d158aac2-be6c-01ee-d0f8-30811cc0444c}.Debug|Any CPU.Build.0 = Debug|Any CPU
		{78362fff-976c-e62f-3323-dbc921681f82}.Debug|Any CPU.ActiveCfg = Debug|Any CPU
		{78362fff-976c-e62f-3323-dbc921681f82}.Debug|Any CPU.Build.0 = Debug|Any CPU
		{d521d772-a2f5-8355-540a-f09c2379909c}.Debug|Any CPU.ActiveCfg = Debug|Any CPU
		{d521d772-a2f5-8355-540a-f09c2379909c}.Debug|Any CPU.Build.0 = Debug|Any CPU
		{4c1e6f6a-25e4-b385-3d9c-830f9fef2818}.Debug|Any CPU.ActiveCfg = Debug|Any CPU
		{4c1e6f6a-25e4-b385-3d9c-830f9fef2818}.Debug|Any CPU.Build.0 = Debug|Any CPU
		{1c7ad4b3-2234-1502-bcc4-ff9c915e724f}.Debug|Any CPU.ActiveCfg = Debug|Any CPU
		{1c7ad4b3-2234-1502-bcc4-ff9c915e724f}.Debug|Any CPU.Build.0 = Debug|Any CPU
		{f2656465-8c59-5cd6-c94e-783cde4d4ac6}.Debug|Any CPU.ActiveCfg = Debug|Any CPU
		{f2656465-8c59-5cd6-c94e-783cde4d4ac6}.Debug|Any CPU.Build.0 = Debug|Any CPU
		{3f9c7563-3a67-b331-91b0-54165222e3e3}.Debug|Any CPU.ActiveCfg = Debug|Any CPU
		{3f9c7563-3a67-b331-91b0-54165222e3e3}.Debug|Any CPU.Build.0 = Debug|Any CPU
		{db0d6ee2-3331-617c-340e-1adb89f7d3e2}.Debug|Any CPU.ActiveCfg = Debug|Any CPU
		{db0d6ee2-3331-617c-340e-1adb89f7d3e2}.Debug|Any CPU.Build.0 = Debug|Any CPU
		{296efa63-f3cc-8988-426c-aee027b8ef23}.Debug|Any CPU.ActiveCfg = Debug|Any CPU
		{296efa63-f3cc-8988-426c-aee027b8ef23}.Debug|Any CPU.Build.0 = Debug|Any CPU
		{51449e54-6c78-4cf7-e191-f03ada59e7db}.Debug|Any CPU.ActiveCfg = Debug|Any CPU
		{51449e54-6c78-4cf7-e191-f03ada59e7db}.Debug|Any CPU.Build.0 = Debug|Any CPU
		{bacf93d4-c8c5-f440-6494-1c0ec91ccedf}.Debug|Any CPU.ActiveCfg = Debug|Any CPU
		{bacf93d4-c8c5-f440-6494-1c0ec91ccedf}.Debug|Any CPU.Build.0 = Debug|Any CPU
		{f441f9fd-907e-05f2-e97b-829e121a55b2}.Debug|Any CPU.ActiveCfg = Debug|Any CPU
		{f441f9fd-907e-05f2-e97b-829e121a55b2}.Debug|Any CPU.Build.0 = Debug|Any CPU
		{e2983786-0da7-7337-3fa6-6dc429523883}.Debug|Any CPU.ActiveCfg = Debug|Any CPU
		{e2983786-0da7-7337-3fa6-6dc429523883}.Debug|Any CPU.Build.0 = Debug|Any CPU
		{fa7cb659-9431-86ab-788e-13a5c98e0016}.Debug|Any CPU.ActiveCfg = Debug|Any CPU
		{fa7cb659-9431-86ab-788e-13a5c98e0016}.Debug|Any CPU.Build.0 = Debug|Any CPU
		{da5f6637-fe38-c674-c882-bcf12e4fa11a}.Debug|Any CPU.ActiveCfg = Debug|Any CPU
		{da5f6637-fe38-c674-c882-bcf12e4fa11a}.Debug|Any CPU.Build.0 = Debug|Any CPU
		{d745ea90-1a21-cfa5-164c-ba22e3931393}.Debug|Any CPU.ActiveCfg = Debug|Any CPU
		{d745ea90-1a21-cfa5-164c-ba22e3931393}.Debug|Any CPU.Build.0 = Debug|Any CPU
		{b03d6f43-6b11-f915-a250-29f6d9b54553}.Debug|Any CPU.ActiveCfg = Debug|Any CPU
		{b03d6f43-6b11-f915-a250-29f6d9b54553}.Debug|Any CPU.Build.0 = Debug|Any CPU
		{0fb6ad3e-f7ca-505c-a65f-15db5721715a}.Debug|Any CPU.ActiveCfg = Debug|Any CPU
		{0fb6ad3e-f7ca-505c-a65f-15db5721715a}.Debug|Any CPU.Build.0 = Debug|Any CPU
		{03cc420f-c9ad-e435-84d7-b0bd8a0a40b8}.Debug|Any CPU.ActiveCfg = Debug|Any CPU
		{03cc420f-c9ad-e435-84d7-b0bd8a0a40b8}.Debug|Any CPU.Build.0 = Debug|Any CPU
		{96f52546-5355-50c0-af1f-40f9f0c80879}.Debug|Any CPU.ActiveCfg = Debug|Any CPU
		{96f52546-5355-50c0-af1f-40f9f0c80879}.Debug|Any CPU.Build.0 = Debug|Any CPU
		{34bf69ba-d47a-01de-5382-48db762c04a4}.Debug|Any CPU.ActiveCfg = Debug|Any CPU
		{34bf69ba-d47a-01de-5382-48db762c04a4}.Debug|Any CPU.Build.0 = Debug|Any CPU
		{bd2a616a-6371-613f-3f9c-485f82a1360c}.Debug|Any CPU.ActiveCfg = Debug|Any CPU
		{bd2a616a-6371-613f-3f9c-485f82a1360c}.Debug|Any CPU.Build.0 = Debug|Any CPU
		{c59f9d98-bc75-5716-1dae-c466d40bb1f8}.Debug|Any CPU.ActiveCfg = Debug|Any CPU
		{c59f9d98-bc75-5716-1dae-c466d40bb1f8}.Debug|Any CPU.Build.0 = Debug|Any CPU
		{62714c97-9d7d-cd1e-2a5e-5f5a3f8b0d71}.Debug|Any CPU.ActiveCfg = Debug|Any CPU
		{62714c97-9d7d-cd1e-2a5e-5f5a3f8b0d71}.Debug|Any CPU.Build.0 = Debug|Any CPU
		{718f25e6-14fc-1394-c69b-701f1787fdc2}.Debug|Any CPU.ActiveCfg = Debug|Any CPU
		{718f25e6-14fc-1394-c69b-701f1787fdc2}.Debug|Any CPU.Build.0 = Debug|Any CPU
		{d1f63168-2d9d-14ca-85d3-adb01933d2e8}.Debug|Any CPU.ActiveCfg = Debug|Any CPU
		{d1f63168-2d9d-14ca-85d3-adb01933d2e8}.Debug|Any CPU.Build.0 = Debug|Any CPU
		{82f866f3-1f8d-3fc2-896e-e0413b34a7c9}.Debug|Any CPU.ActiveCfg = Debug|Any CPU
		{82f866f3-1f8d-3fc2-896e-e0413b34a7c9}.Debug|Any CPU.Build.0 = Debug|Any CPU
		{746dd22d-d5c1-bad4-3e88-9a897a5661f1}.Debug|Any CPU.ActiveCfg = Debug|Any CPU
		{746dd22d-d5c1-bad4-3e88-9a897a5661f1}.Debug|Any CPU.Build.0 = Debug|Any CPU
		{ba53b93e-8e4f-1826-f18a-f0cddb134d7e}.Debug|Any CPU.ActiveCfg = Debug|Any CPU
		{ba53b93e-8e4f-1826-f18a-f0cddb134d7e}.Debug|Any CPU.Build.0 = Debug|Any CPU
		{a3439a54-d102-09b2-c633-ecbdef28caff}.Debug|Any CPU.ActiveCfg = Debug|Any CPU
		{a3439a54-d102-09b2-c633-ecbdef28caff}.Debug|Any CPU.Build.0 = Debug|Any CPU
		{3db97377-1b36-d48b-fb6a-bd60e76e59fc}.Debug|Any CPU.ActiveCfg = Debug|Any CPU
		{3db97377-1b36-d48b-fb6a-bd60e76e59fc}.Debug|Any CPU.Build.0 = Debug|Any CPU
		{1031945d-2052-2165-e2b2-b5c7731f4fa5}.Debug|Any CPU.ActiveCfg = Debug|Any CPU
		{1031945d-2052-2165-e2b2-b5c7731f4fa5}.Debug|Any CPU.Build.0 = Debug|Any CPU
		{dd4ea8ab-8e0c-61ea-499c-c7c3595bed32}.Debug|Any CPU.ActiveCfg = Debug|Any CPU
		{dd4ea8ab-8e0c-61ea-499c-c7c3595bed32}.Debug|Any CPU.Build.0 = Debug|Any CPU
		{d372b10e-68b6-6597-6d79-0ec6137d7147}.Debug|Any CPU.ActiveCfg = Debug|Any CPU
		{d372b10e-68b6-6597-6d79-0ec6137d7147}.Debug|Any CPU.Build.0 = Debug|Any CPU
		{146c0841-f2b1-a3a5-a14c-a94791e31b8b}.Debug|Any CPU.ActiveCfg = Debug|Any CPU
		{146c0841-f2b1-a3a5-a14c-a94791e31b8b}.Debug|Any CPU.Build.0 = Debug|Any CPU
		{3a652dbe-3704-1b55-00ce-d8b2095d467e}.Debug|Any CPU.ActiveCfg = Debug|Any CPU
		{3a652dbe-3704-1b55-00ce-d8b2095d467e}.Debug|Any CPU.Build.0 = Debug|Any CPU
		{39346598-7947-99f8-574a-342cadc704a5}.Debug|Any CPU.ActiveCfg = Debug|Any CPU
		{39346598-7947-99f8-574a-342cadc704a5}.Debug|Any CPU.Build.0 = Debug|Any CPU
		{e22db3ba-45bd-bae9-0a1b-bba8acef2f75}.Debug|Any CPU.ActiveCfg = Debug|Any CPU
		{e22db3ba-45bd-bae9-0a1b-bba8acef2f75}.Debug|Any CPU.Build.0 = Debug|Any CPU
		{9913ada3-ed45-596e-72f0-4de0e32644a7}.Debug|Any CPU.ActiveCfg = Debug|Any CPU
		{9913ada3-ed45-596e-72f0-4de0e32644a7}.Debug|Any CPU.Build.0 = Debug|Any CPU
		{1ffb99d6-dac7-1e1e-3598-b88c60cbeff2}.Debug|Any CPU.ActiveCfg = Debug|Any CPU
		{1ffb99d6-dac7-1e1e-3598-b88c60cbeff2}.Debug|Any CPU.Build.0 = Debug|Any CPU
		{439e72b0-a181-7bd6-5da2-14ecf13d6534}.Debug|Any CPU.ActiveCfg = Debug|Any CPU
		{439e72b0-a181-7bd6-5da2-14ecf13d6534}.Debug|Any CPU.Build.0 = Debug|Any CPU
		{52d3b3ab-e08c-3451-8697-82661ee2818c}.Debug|Any CPU.ActiveCfg = Debug|Any CPU
		{52d3b3ab-e08c-3451-8697-82661ee2818c}.Debug|Any CPU.Build.0 = Debug|Any CPU
		{7837be15-c801-097a-6baa-e69267d4276f}.Debug|Any CPU.ActiveCfg = Debug|Any CPU
		{7837be15-c801-097a-6baa-e69267d4276f}.Debug|Any CPU.Build.0 = Debug|Any CPU
		{7d678a2e-6e93-8e3c-1331-0db81f636f0c}.Debug|Any CPU.ActiveCfg = Debug|Any CPU
		{7d678a2e-6e93-8e3c-1331-0db81f636f0c}.Debug|Any CPU.Build.0 = Debug|Any CPU
		{4fee5394-c7da-342f-0be0-dcc9f66a6252}.Debug|Any CPU.ActiveCfg = Debug|Any CPU
		{4fee5394-c7da-342f-0be0-dcc9f66a6252}.Debug|Any CPU.Build.0 = Debug|Any CPU
		{24fa1d13-8223-dfe2-5ec8-79daa5ebd8ac}.Debug|Any CPU.ActiveCfg = Debug|Any CPU
		{24fa1d13-8223-dfe2-5ec8-79daa5ebd8ac}.Debug|Any CPU.Build.0 = Debug|Any CPU
		{0421f03b-c5f6-ff02-721c-989a7eb9913c}.Debug|Any CPU.ActiveCfg = Debug|Any CPU
		{0421f03b-c5f6-ff02-721c-989a7eb9913c}.Debug|Any CPU.Build.0 = Debug|Any CPU
		{62ea0abe-591e-6720-6a4e-6a3c5086da0a}.Debug|Any CPU.ActiveCfg = Debug|Any CPU
		{62ea0abe-591e-6720-6a4e-6a3c5086da0a}.Debug|Any CPU.Build.0 = Debug|Any CPU
		{da0559be-422f-bb64-b73f-fb3ef2a52d7d}.Debug|Any CPU.ActiveCfg = Debug|Any CPU
		{da0559be-422f-bb64-b73f-fb3ef2a52d7d}.Debug|Any CPU.Build.0 = Debug|Any CPU
		{9b268b21-eeec-184c-597e-1421120a1e80}.Debug|Any CPU.ActiveCfg = Debug|Any CPU
		{9b268b21-eeec-184c-597e-1421120a1e80}.Debug|Any CPU.Build.0 = Debug|Any CPU
		{37643437-f891-5a41-0734-cde2e0a77119}.Debug|Any CPU.ActiveCfg = Debug|Any CPU
		{37643437-f891-5a41-0734-cde2e0a77119}.Debug|Any CPU.Build.0 = Debug|Any CPU
		{33630fb4-0c4e-2082-8ddc-28182d543920}.Debug|Any CPU.ActiveCfg = Debug|Any CPU
		{33630fb4-0c4e-2082-8ddc-28182d543920}.Debug|Any CPU.Build.0 = Debug|Any CPU
		{2c821b99-a201-6de2-620e-32d2946753f3}.Debug|Any CPU.ActiveCfg = Debug|Any CPU
		{2c821b99-a201-6de2-620e-32d2946753f3}.Debug|Any CPU.Build.0 = Debug|Any CPU
		{9dc61516-989a-f3fb-2364-76964037c108}.Debug|Any CPU.ActiveCfg = Debug|Any CPU
		{9dc61516-989a-f3fb-2364-76964037c108}.Debug|Any CPU.Build.0 = Debug|Any CPU
		{87428d5d-fa48-85f3-a055-faeb51ac3eec}.Debug|Any CPU.ActiveCfg = Debug|Any CPU
		{87428d5d-fa48-85f3-a055-faeb51ac3eec}.Debug|Any CPU.Build.0 = Debug|Any CPU
		{8b2919c1-bcbd-6ac2-34a3-2fbecdbfd663}.Debug|Any CPU.ActiveCfg = Debug|Any CPU
		{8b2919c1-bcbd-6ac2-34a3-2fbecdbfd663}.Debug|Any CPU.Build.0 = Debug|Any CPU
		{fe589c1d-8f2f-e5a9-1957-b48127327149}.Debug|Any CPU.ActiveCfg = Debug|Any CPU
		{fe589c1d-8f2f-e5a9-1957-b48127327149}.Debug|Any CPU.Build.0 = Debug|Any CPU
		{afbccb06-ca6d-be76-8cc5-bfda8ebca758}.Debug|Any CPU.ActiveCfg = Debug|Any CPU
		{afbccb06-ca6d-be76-8cc5-bfda8ebca758}.Debug|Any CPU.Build.0 = Debug|Any CPU
		{2e46874b-d136-8727-48af-3d295fcdd05b}.Debug|Any CPU.ActiveCfg = Debug|Any CPU
		{2e46874b-d136-8727-48af-3d295fcdd05b}.Debug|Any CPU.Build.0 = Debug|Any CPU
		{224da8a0-ce1c-920a-c7e4-251e13de90d5}.Debug|Any CPU.ActiveCfg = Debug|Any CPU
		{224da8a0-ce1c-920a-c7e4-251e13de90d5}.Debug|Any CPU.Build.0 = Debug|Any CPU
		{1bf493bb-5edf-381c-d28f-484ba3ba5146}.Debug|Any CPU.ActiveCfg = Debug|Any CPU
		{1bf493bb-5edf-381c-d28f-484ba3ba5146}.Debug|Any CPU.Build.0 = Debug|Any CPU
		{b63e9add-e60e-d441-6f3e-c63ef0d265f5}.Debug|Any CPU.ActiveCfg = Debug|Any CPU
		{b63e9add-e60e-d441-6f3e-c63ef0d265f5}.Debug|Any CPU.Build.0 = Debug|Any CPU
		{94fc5f81-a81b-8e57-8fdd-8aefa171b9e9}.Debug|Any CPU.ActiveCfg = Debug|Any CPU
		{94fc5f81-a81b-8e57-8fdd-8aefa171b9e9}.Debug|Any CPU.Build.0 = Debug|Any CPU
		{8a7e35c2-2455-b5b0-ea88-be58111b474f}.Debug|Any CPU.ActiveCfg = Debug|Any CPU
		{8a7e35c2-2455-b5b0-ea88-be58111b474f}.Debug|Any CPU.Build.0 = Debug|Any CPU
		{5aa9d460-fa42-282d-bdb0-22e9610749f2}.Debug|Any CPU.ActiveCfg = Debug|Any CPU
		{5aa9d460-fa42-282d-bdb0-22e9610749f2}.Debug|Any CPU.Build.0 = Debug|Any CPU
		{6a668893-84ca-3157-ab31-417fd74029b0}.Debug|Any CPU.ActiveCfg = Debug|Any CPU
		{6a668893-84ca-3157-ab31-417fd74029b0}.Debug|Any CPU.Build.0 = Debug|Any CPU
		{772dcee5-f5db-13af-8411-7937c06f9aed}.Debug|Any CPU.ActiveCfg = Debug|Any CPU
		{772dcee5-f5db-13af-8411-7937c06f9aed}.Debug|Any CPU.Build.0 = Debug|Any CPU
		{11b26d62-2f11-48b2-9359-0c3e489ea1db}.Debug|Any CPU.ActiveCfg = Debug|Any CPU
		{11b26d62-2f11-48b2-9359-0c3e489ea1db}.Debug|Any CPU.Build.0 = Debug|Any CPU
		{b7013687-e042-6ff6-b321-c37e4c760a54}.Debug|Any CPU.ActiveCfg = Debug|Any CPU
		{b7013687-e042-6ff6-b321-c37e4c760a54}.Debug|Any CPU.Build.0 = Debug|Any CPU
		{6d4ab731-3f49-824f-e09c-9ec92a3df505}.Debug|Any CPU.ActiveCfg = Debug|Any CPU
		{6d4ab731-3f49-824f-e09c-9ec92a3df505}.Debug|Any CPU.Build.0 = Debug|Any CPU
		{62d19b7a-b13c-fa66-fff4-7503dddd6b4b}.Debug|Any CPU.ActiveCfg = Debug|Any CPU
		{62d19b7a-b13c-fa66-fff4-7503dddd6b4b}.Debug|Any CPU.Build.0 = Debug|Any CPU
		{4864b860-3b45-6c62-6963-eaff113f12d3}.Debug|Any CPU.ActiveCfg = Debug|Any CPU
		{4864b860-3b45-6c62-6963-eaff113f12d3}.Debug|Any CPU.Build.0 = Debug|Any CPU
		{caae2d85-61b8-4abb-eec3-3c0c9c618bd9}.Debug|Any CPU.ActiveCfg = Debug|Any CPU
		{caae2d85-61b8-4abb-eec3-3c0c9c618bd9}.Debug|Any CPU.Build.0 = Debug|Any CPU
		{aa9adaa6-4a54-46c5-59c3-c5b226625ebc}.Debug|Any CPU.ActiveCfg = Debug|Any CPU
		{aa9adaa6-4a54-46c5-59c3-c5b226625ebc}.Debug|Any CPU.Build.0 = Debug|Any CPU
		{1d2e7edb-d555-601d-be91-72d480d70434}.Debug|Any CPU.ActiveCfg = Debug|Any CPU
		{1d2e7edb-d555-601d-be91-72d480d70434}.Debug|Any CPU.Build.0 = Debug|Any CPU
		{4700f650-bec4-5c8a-7f1c-9aef6698d5a4}.Debug|Any CPU.ActiveCfg = Debug|Any CPU
		{4700f650-bec4-5c8a-7f1c-9aef6698d5a4}.Debug|Any CPU.Build.0 = Debug|Any CPU
		{7957d714-d2e5-b1d3-48d1-0e8a71cc0a3b}.Debug|Any CPU.ActiveCfg = Debug|Any CPU
		{7957d714-d2e5-b1d3-48d1-0e8a71cc0a3b}.Debug|Any CPU.Build.0 = Debug|Any CPU
		{656b62f9-81d6-9ca0-6f27-f8da21032e84}.Debug|Any CPU.ActiveCfg = Debug|Any CPU
		{656b62f9-81d6-9ca0-6f27-f8da21032e84}.Debug|Any CPU.Build.0 = Debug|Any CPU
		{b2e2f551-7cd6-b606-7835-fc8a1831eb0b}.Debug|Any CPU.ActiveCfg = Debug|Any CPU
		{b2e2f551-7cd6-b606-7835-fc8a1831eb0b}.Debug|Any CPU.Build.0 = Debug|Any CPU
		{9ddc7b09-6b2e-f230-e673-f77a0908e23a}.Debug|Any CPU.ActiveCfg = Debug|Any CPU
		{9ddc7b09-6b2e-f230-e673-f77a0908e23a}.Debug|Any CPU.Build.0 = Debug|Any CPU
		{13329050-c31f-109b-5dc3-4aa533eafb51}.Debug|Any CPU.ActiveCfg = Debug|Any CPU
		{13329050-c31f-109b-5dc3-4aa533eafb51}.Debug|Any CPU.Build.0 = Debug|Any CPU
		{b82fb70b-953a-3394-39aa-80c1ed5ec494}.Debug|Any CPU.ActiveCfg = Debug|Any CPU
		{b82fb70b-953a-3394-39aa-80c1ed5ec494}.Debug|Any CPU.Build.0 = Debug|Any CPU
		{947df88e-d6a6-8c1a-e4d3-39cf94815529}.Debug|Any CPU.ActiveCfg = Debug|Any CPU
		{947df88e-d6a6-8c1a-e4d3-39cf94815529}.Debug|Any CPU.Build.0 = Debug|Any CPU
		{66c80b11-b28f-2586-ee47-b829a4710f3d}.Debug|Any CPU.ActiveCfg = Debug|Any CPU
		{66c80b11-b28f-2586-ee47-b829a4710f3d}.Debug|Any CPU.Build.0 = Debug|Any CPU
		{05f7c099-dafe-c04a-fb0a-eeceedeaf4d5}.Debug|Any CPU.ActiveCfg = Debug|Any CPU
		{05f7c099-dafe-c04a-fb0a-eeceedeaf4d5}.Debug|Any CPU.Build.0 = Debug|Any CPU
		{672ba2aa-1fa8-5235-0d79-59fd8c88ab3b}.Debug|Any CPU.ActiveCfg = Debug|Any CPU
		{672ba2aa-1fa8-5235-0d79-59fd8c88ab3b}.Debug|Any CPU.Build.0 = Debug|Any CPU
		{b127fbb8-229f-7d21-b09d-81e70c6e4e4f}.Debug|Any CPU.ActiveCfg = Debug|Any CPU
		{b127fbb8-229f-7d21-b09d-81e70c6e4e4f}.Debug|Any CPU.Build.0 = Debug|Any CPU
		{08c41b16-2463-7810-3c8d-bfcb859184f8}.Debug|Any CPU.ActiveCfg = Debug|Any CPU
		{08c41b16-2463-7810-3c8d-bfcb859184f8}.Debug|Any CPU.Build.0 = Debug|Any CPU
		{71aa4867-f75a-ea42-bbf7-d96ace08e2f8}.Debug|Any CPU.ActiveCfg = Debug|Any CPU
		{71aa4867-f75a-ea42-bbf7-d96ace08e2f8}.Debug|Any CPU.Build.0 = Debug|Any CPU
		{6eadfd0b-4bba-e862-948b-0212ac830b2c}.Debug|Any CPU.ActiveCfg = Debug|Any CPU
		{6eadfd0b-4bba-e862-948b-0212ac830b2c}.Debug|Any CPU.Build.0 = Debug|Any CPU
		{010628f2-8998-9c7b-f196-0670e214246c}.Debug|Any CPU.ActiveCfg = Debug|Any CPU
		{010628f2-8998-9c7b-f196-0670e214246c}.Debug|Any CPU.Build.0 = Debug|Any CPU
		{5602dbae-9a5b-fab1-e2bd-58325c831694}.Debug|Any CPU.ActiveCfg = Debug|Any CPU
		{5602dbae-9a5b-fab1-e2bd-58325c831694}.Debug|Any CPU.Build.0 = Debug|Any CPU
		{a66580f2-cbd5-92cd-a91b-d73f886d8176}.Debug|Any CPU.ActiveCfg = Debug|Any CPU
		{a66580f2-cbd5-92cd-a91b-d73f886d8176}.Debug|Any CPU.Build.0 = Debug|Any CPU
		{09861a05-836e-4b56-025e-da901d344e98}.Debug|Any CPU.ActiveCfg = Debug|Any CPU
		{09861a05-836e-4b56-025e-da901d344e98}.Debug|Any CPU.Build.0 = Debug|Any CPU
		{65c76ab7-1bdf-5c9f-7917-6ec19321c0fb}.Debug|Any CPU.ActiveCfg = Debug|Any CPU
		{65c76ab7-1bdf-5c9f-7917-6ec19321c0fb}.Debug|Any CPU.Build.0 = Debug|Any CPU
		{9c6feda4-f6d9-aed2-a563-1700724f1f90}.Debug|Any CPU.ActiveCfg = Debug|Any CPU
		{9c6feda4-f6d9-aed2-a563-1700724f1f90}.Debug|Any CPU.Build.0 = Debug|Any CPU
		{d61e885b-882b-9984-06dd-637650b86d17}.Debug|Any CPU.ActiveCfg = Debug|Any CPU
		{d61e885b-882b-9984-06dd-637650b86d17}.Debug|Any CPU.Build.0 = Debug|Any CPU
		{67ea6917-1c2f-e4aa-63ed-cbb88f7477e4}.Debug|Any CPU.ActiveCfg = Debug|Any CPU
		{67ea6917-1c2f-e4aa-63ed-cbb88f7477e4}.Debug|Any CPU.Build.0 = Debug|Any CPU
		{40f8c4e6-ea01-3c8e-3112-96a866d203e9}.Debug|Any CPU.ActiveCfg = Debug|Any CPU
		{40f8c4e6-ea01-3c8e-3112-96a866d203e9}.Debug|Any CPU.Build.0 = Debug|Any CPU
		{14958b70-0093-fa99-8b11-dd929ea6a99d}.Debug|Any CPU.ActiveCfg = Debug|Any CPU
		{14958b70-0093-fa99-8b11-dd929ea6a99d}.Debug|Any CPU.Build.0 = Debug|Any CPU
		{3bdbd7ba-9bf6-f763-aefb-68d720f329de}.Debug|Any CPU.ActiveCfg = Debug|Any CPU
		{3bdbd7ba-9bf6-f763-aefb-68d720f329de}.Debug|Any CPU.Build.0 = Debug|Any CPU
		{554c69c1-2ae5-7621-3b6c-e80fa7381eb9}.Debug|Any CPU.ActiveCfg = Debug|Any CPU
		{554c69c1-2ae5-7621-3b6c-e80fa7381eb9}.Debug|Any CPU.Build.0 = Debug|Any CPU
		{714d77ba-02b7-c63e-f066-8b4608155ba6}.Debug|Any CPU.ActiveCfg = Debug|Any CPU
		{714d77ba-02b7-c63e-f066-8b4608155ba6}.Debug|Any CPU.Build.0 = Debug|Any CPU
		{3b2ea900-192f-396a-76cf-b8ab81e9164e}.Debug|Any CPU.ActiveCfg = Debug|Any CPU
		{3b2ea900-192f-396a-76cf-b8ab81e9164e}.Debug|Any CPU.Build.0 = Debug|Any CPU
		{ae911bb0-0263-10ad-74c4-7d70fb71a2da}.Debug|Any CPU.ActiveCfg = Debug|Any CPU
		{ae911bb0-0263-10ad-74c4-7d70fb71a2da}.Debug|Any CPU.Build.0 = Debug|Any CPU
		{978f496f-6829-5b5e-2c9a-ac0a2d108301}.Debug|Any CPU.ActiveCfg = Debug|Any CPU
		{978f496f-6829-5b5e-2c9a-ac0a2d108301}.Debug|Any CPU.Build.0 = Debug|Any CPU
		{931d54d9-3595-bb6e-4dec-0c623d6d711f}.Debug|Any CPU.ActiveCfg = Debug|Any CPU
		{931d54d9-3595-bb6e-4dec-0c623d6d711f}.Debug|Any CPU.Build.0 = Debug|Any CPU
		{15bf1ad8-aa0b-fdea-c4d3-81d32317ef2d}.Debug|Any CPU.ActiveCfg = Debug|Any CPU
		{15bf1ad8-aa0b-fdea-c4d3-81d32317ef2d}.Debug|Any CPU.Build.0 = Debug|Any CPU
		{64705b6d-a7fd-846c-ee94-4541f5ff6e68}.Debug|Any CPU.ActiveCfg = Debug|Any CPU
		{64705b6d-a7fd-846c-ee94-4541f5ff6e68}.Debug|Any CPU.Build.0 = Debug|Any CPU
		{f9ebc63c-8223-4833-4d8e-d4809f989309}.Debug|Any CPU.ActiveCfg = Debug|Any CPU
		{f9ebc63c-8223-4833-4d8e-d4809f989309}.Debug|Any CPU.Build.0 = Debug|Any CPU
		{15b72ffb-0f23-f0a9-4d66-f426737723fc}.Debug|Any CPU.ActiveCfg = Debug|Any CPU
		{15b72ffb-0f23-f0a9-4d66-f426737723fc}.Debug|Any CPU.Build.0 = Debug|Any CPU
		{c009a8f1-3048-f721-b9ba-2d4db85df9ff}.Debug|Any CPU.ActiveCfg = Debug|Any CPU
		{c009a8f1-3048-f721-b9ba-2d4db85df9ff}.Debug|Any CPU.Build.0 = Debug|Any CPU
		{90c3df03-8afb-ca68-4825-cac227f35207}.Debug|Any CPU.ActiveCfg = Debug|Any CPU
		{90c3df03-8afb-ca68-4825-cac227f35207}.Debug|Any CPU.Build.0 = Debug|Any CPU
		{568eb477-857d-bb97-4e9d-b28f5b362769}.Debug|Any CPU.ActiveCfg = Debug|Any CPU
		{568eb477-857d-bb97-4e9d-b28f5b362769}.Debug|Any CPU.Build.0 = Debug|Any CPU
		{1185b63e-126f-6442-267b-87488ed69e59}.Debug|Any CPU.ActiveCfg = Debug|Any CPU
		{1185b63e-126f-6442-267b-87488ed69e59}.Debug|Any CPU.Build.0 = Debug|Any CPU
		{ad30cd6f-4219-bbd4-7f19-9e93b241df9c}.Debug|Any CPU.ActiveCfg = Debug|Any CPU
		{ad30cd6f-4219-bbd4-7f19-9e93b241df9c}.Debug|Any CPU.Build.0 = Debug|Any CPU
		{6b041c5d-7343-aed5-5b2a-472e53edf57a}.Debug|Any CPU.ActiveCfg = Debug|Any CPU
		{6b041c5d-7343-aed5-5b2a-472e53edf57a}.Debug|Any CPU.Build.0 = Debug|Any CPU
		{66864854-eee1-5ad3-94a4-f41b5a848097}.Debug|Any CPU.ActiveCfg = Debug|Any CPU
		{66864854-eee1-5ad3-94a4-f41b5a848097}.Debug|Any CPU.Build.0 = Debug|Any CPU
		{e0d3025e-f710-1311-0393-9574c59d2b83}.Debug|Any CPU.ActiveCfg = Debug|Any CPU
		{e0d3025e-f710-1311-0393-9574c59d2b83}.Debug|Any CPU.Build.0 = Debug|Any CPU
		{49afb6c4-7390-afe4-bce5-182a97effadc}.Debug|Any CPU.ActiveCfg = Debug|Any CPU
		{49afb6c4-7390-afe4-bce5-182a97effadc}.Debug|Any CPU.Build.0 = Debug|Any CPU
		{b63f19f3-8d98-0412-10df-e90e3ab353b5}.Debug|Any CPU.ActiveCfg = Debug|Any CPU
		{b63f19f3-8d98-0412-10df-e90e3ab353b5}.Debug|Any CPU.Build.0 = Debug|Any CPU
		{3440c75a-64bd-aab5-661f-98bcd454b7e5}.Debug|Any CPU.ActiveCfg = Debug|Any CPU
		{3440c75a-64bd-aab5-661f-98bcd454b7e5}.Debug|Any CPU.Build.0 = Debug|Any CPU
		{45bb9719-36c4-1411-5555-d1232591863f}.Debug|Any CPU.ActiveCfg = Debug|Any CPU
		{45bb9719-36c4-1411-5555-d1232591863f}.Debug|Any CPU.Build.0 = Debug|Any CPU
		{0c09605f-6367-7807-a560-34b07d4f71a0}.Debug|Any CPU.ActiveCfg = Debug|Any CPU
		{0c09605f-6367-7807-a560-34b07d4f71a0}.Debug|Any CPU.Build.0 = Debug|Any CPU
		{50b3dc64-dd50-a570-185e-83ddc61a9c35}.Debug|Any CPU.ActiveCfg = Debug|Any CPU
		{50b3dc64-dd50-a570-185e-83ddc61a9c35}.Debug|Any CPU.Build.0 = Debug|Any CPU
		{bbc074ff-1278-fdeb-1482-a0fdad825115}.Debug|Any CPU.ActiveCfg = Debug|Any CPU
		{bbc074ff-1278-fdeb-1482-a0fdad825115}.Debug|Any CPU.Build.0 = Debug|Any CPU
		{a2d7fa02-efd6-21f7-3d78-87dd0ca6a996}.Debug|Any CPU.ActiveCfg = Debug|Any CPU
		{a2d7fa02-efd6-21f7-3d78-87dd0ca6a996}.Debug|Any CPU.Build.0 = Debug|Any CPU
		{e1b1a315-d230-4c68-274e-f881cdd475c8}.Debug|Any CPU.ActiveCfg = Debug|Any CPU
		{e1b1a315-d230-4c68-274e-f881cdd475c8}.Debug|Any CPU.Build.0 = Debug|Any CPU
		{b82f80f5-b683-e7f6-4796-5175ba3298ac}.Debug|Any CPU.ActiveCfg = Debug|Any CPU
		{b82f80f5-b683-e7f6-4796-5175ba3298ac}.Debug|Any CPU.Build.0 = Debug|Any CPU
		{ccc09076-c6ff-1080-5a40-f74783d5e767}.Debug|Any CPU.ActiveCfg = Debug|Any CPU
		{ccc09076-c6ff-1080-5a40-f74783d5e767}.Debug|Any CPU.Build.0 = Debug|Any CPU
		{fa9e127b-b208-02ca-77c1-cbd232635b63}.Debug|Any CPU.ActiveCfg = Debug|Any CPU
		{fa9e127b-b208-02ca-77c1-cbd232635b63}.Debug|Any CPU.Build.0 = Debug|Any CPU
		{5d3b940e-7933-ff66-e083-79aa6942e6a9}.Debug|Any CPU.ActiveCfg = Debug|Any CPU
		{5d3b940e-7933-ff66-e083-79aa6942e6a9}.Debug|Any CPU.Build.0 = Debug|Any CPU
		{bb4526cc-aaa4-c7ff-b32b-aabc9a1434c7}.Debug|Any CPU.ActiveCfg = Debug|Any CPU
		{bb4526cc-aaa4-c7ff-b32b-aabc9a1434c7}.Debug|Any CPU.Build.0 = Debug|Any CPU
		{44bc5bbf-ead8-7e76-4ddb-ee3721073274}.Debug|Any CPU.ActiveCfg = Debug|Any CPU
		{44bc5bbf-ead8-7e76-4ddb-ee3721073274}.Debug|Any CPU.Build.0 = Debug|Any CPU
		{5f2e4ab7-a2f1-1a0a-fbf7-aa89b060ef2e}.Debug|Any CPU.ActiveCfg = Debug|Any CPU
		{5f2e4ab7-a2f1-1a0a-fbf7-aa89b060ef2e}.Debug|Any CPU.Build.0 = Debug|Any CPU
		{e686885c-93cc-d6a9-8b0a-db6ca9309b3c}.Debug|Any CPU.ActiveCfg = Debug|Any CPU
		{e686885c-93cc-d6a9-8b0a-db6ca9309b3c}.Debug|Any CPU.Build.0 = Debug|Any CPU
		{85e7c5be-e131-648f-5b04-fd736c54e356}.Debug|Any CPU.ActiveCfg = Debug|Any CPU
		{85e7c5be-e131-648f-5b04-fd736c54e356}.Debug|Any CPU.Build.0 = Debug|Any CPU
		{6733b865-a951-fc40-08c0-dc6c15f042c9}.Debug|Any CPU.ActiveCfg = Debug|Any CPU
		{6733b865-a951-fc40-08c0-dc6c15f042c9}.Debug|Any CPU.Build.0 = Debug|Any CPU
		{bd487687-85c6-3a39-b1c9-98dac58f38fd}.Debug|Any CPU.ActiveCfg = Debug|Any CPU
		{bd487687-85c6-3a39-b1c9-98dac58f38fd}.Debug|Any CPU.Build.0 = Debug|Any CPU
		{e73e90cd-4924-c003-9b58-54b5bec985c5}.Debug|Any CPU.ActiveCfg = Debug|Any CPU
		{e73e90cd-4924-c003-9b58-54b5bec985c5}.Debug|Any CPU.Build.0 = Debug|Any CPU
		{c87079e6-ffec-93d7-8f24-016c000f401b}.Debug|Any CPU.ActiveCfg = Debug|Any CPU
		{c87079e6-ffec-93d7-8f24-016c000f401b}.Debug|Any CPU.Build.0 = Debug|Any CPU
		{1314c2a5-5565-fafd-c1a9-d430ef88dadd}.Debug|Any CPU.ActiveCfg = Debug|Any CPU
		{1314c2a5-5565-fafd-c1a9-d430ef88dadd}.Debug|Any CPU.Build.0 = Debug|Any CPU
		{0c170bea-a8ac-7d1d-ccb6-e69e998aca05}.Debug|Any CPU.ActiveCfg = Debug|Any CPU
		{0c170bea-a8ac-7d1d-ccb6-e69e998aca05}.Debug|Any CPU.Build.0 = Debug|Any CPU
		{0907f06e-7edc-e847-202c-59f44b8b3c90}.Debug|Any CPU.ActiveCfg = Debug|Any CPU
		{0907f06e-7edc-e847-202c-59f44b8b3c90}.Debug|Any CPU.Build.0 = Debug|Any CPU
		{14420050-6225-8b79-2ebe-500d6afb9325}.Debug|Any CPU.ActiveCfg = Debug|Any CPU
		{14420050-6225-8b79-2ebe-500d6afb9325}.Debug|Any CPU.Build.0 = Debug|Any CPU
		{e19f7994-b297-3c3f-a2cb-941c9268b082}.Debug|Any CPU.ActiveCfg = Debug|Any CPU
		{e19f7994-b297-3c3f-a2cb-941c9268b082}.Debug|Any CPU.Build.0 = Debug|Any CPU
		{c907e91e-60d8-4b5a-3f3a-2fa97493664c}.Debug|Any CPU.ActiveCfg = Debug|Any CPU
		{c907e91e-60d8-4b5a-3f3a-2fa97493664c}.Debug|Any CPU.Build.0 = Debug|Any CPU
		{e9fb131f-6b8d-98dd-cdb2-ac3d61b3c898}.Debug|Any CPU.ActiveCfg = Debug|Any CPU
		{e9fb131f-6b8d-98dd-cdb2-ac3d61b3c898}.Debug|Any CPU.Build.0 = Debug|Any CPU
		{e92a912b-56ba-c5b2-9ce6-aeb0de99a794}.Debug|Any CPU.ActiveCfg = Debug|Any CPU
		{e92a912b-56ba-c5b2-9ce6-aeb0de99a794}.Debug|Any CPU.Build.0 = Debug|Any CPU
		{a835a054-3d46-ea3e-4eb8-c1ece8f20420}.Debug|Any CPU.ActiveCfg = Debug|Any CPU
		{a835a054-3d46-ea3e-4eb8-c1ece8f20420}.Debug|Any CPU.Build.0 = Debug|Any CPU
		{d2dc6377-1fa5-873e-480e-c0a80639d199}.Debug|Any CPU.ActiveCfg = Debug|Any CPU
		{d2dc6377-1fa5-873e-480e-c0a80639d199}.Debug|Any CPU.Build.0 = Debug|Any CPU
		{a0bf944a-d3f5-1388-7083-dd3273caddee}.Debug|Any CPU.ActiveCfg = Debug|Any CPU
		{a0bf944a-d3f5-1388-7083-dd3273caddee}.Debug|Any CPU.Build.0 = Debug|Any CPU
		{f3b466f3-1c2c-8cb6-2db1-d8bc3d23c1d6}.Debug|Any CPU.ActiveCfg = Debug|Any CPU
		{f3b466f3-1c2c-8cb6-2db1-d8bc3d23c1d6}.Debug|Any CPU.Build.0 = Debug|Any CPU
		{5dfe5a79-966a-7f39-493a-b628df823f4d}.Debug|Any CPU.ActiveCfg = Debug|Any CPU
		{5dfe5a79-966a-7f39-493a-b628df823f4d}.Debug|Any CPU.Build.0 = Debug|Any CPU
		{53820e40-2e30-fdf0-1b8f-2c28e8147870}.Debug|Any CPU.ActiveCfg = Debug|Any CPU
		{53820e40-2e30-fdf0-1b8f-2c28e8147870}.Debug|Any CPU.Build.0 = Debug|Any CPU
		{eff147c4-28ba-57f5-04ee-795b8bf9d9a0}.Debug|Any CPU.ActiveCfg = Debug|Any CPU
		{eff147c4-28ba-57f5-04ee-795b8bf9d9a0}.Debug|Any CPU.Build.0 = Debug|Any CPU
		{dd018043-3ec8-3469-7a37-56f93bc1a9a3}.Debug|Any CPU.ActiveCfg = Debug|Any CPU
		{dd018043-3ec8-3469-7a37-56f93bc1a9a3}.Debug|Any CPU.Build.0 = Debug|Any CPU
		{1f81466c-7c14-57b9-1da4-495ac802c2a7}.Debug|Any CPU.ActiveCfg = Debug|Any CPU
		{1f81466c-7c14-57b9-1da4-495ac802c2a7}.Debug|Any CPU.Build.0 = Debug|Any CPU
		{11d3316c-de44-e07b-d643-13c09c1d75de}.Debug|Any CPU.ActiveCfg = Debug|Any CPU
		{11d3316c-de44-e07b-d643-13c09c1d75de}.Debug|Any CPU.Build.0 = Debug|Any CPU
		{2d1632cd-c5f4-4a72-8828-d68c3f5b1296}.Debug|Any CPU.ActiveCfg = Debug|Any CPU
		{2d1632cd-c5f4-4a72-8828-d68c3f5b1296}.Debug|Any CPU.Build.0 = Debug|Any CPU
		{c947ca30-3b96-c903-53b3-4188ea904dce}.Debug|Any CPU.ActiveCfg = Debug|Any CPU
		{c947ca30-3b96-c903-53b3-4188ea904dce}.Debug|Any CPU.Build.0 = Debug|Any CPU
		{39ce3252-d112-4bd5-7a9a-4670f0954781}.Debug|Any CPU.ActiveCfg = Debug|Any CPU
		{39ce3252-d112-4bd5-7a9a-4670f0954781}.Debug|Any CPU.Build.0 = Debug|Any CPU
		{9f06335b-bb9d-7c5f-52ed-dd5a1400d9f6}.Debug|Any CPU.ActiveCfg = Debug|Any CPU
		{9f06335b-bb9d-7c5f-52ed-dd5a1400d9f6}.Debug|Any CPU.Build.0 = Debug|Any CPU
		{51dc559e-64e4-5847-8d66-484224e32439}.Debug|Any CPU.ActiveCfg = Debug|Any CPU
		{51dc559e-64e4-5847-8d66-484224e32439}.Debug|Any CPU.Build.0 = Debug|Any CPU
		{710289cd-97e3-3096-1ced-0f95092ef378}.Debug|Any CPU.ActiveCfg = Debug|Any CPU
		{710289cd-97e3-3096-1ced-0f95092ef378}.Debug|Any CPU.Build.0 = Debug|Any CPU
		{4d424435-dc55-4d1c-4ada-efde50a2a753}.Debug|Any CPU.ActiveCfg = Debug|Any CPU
		{4d424435-dc55-4d1c-4ada-efde50a2a753}.Debug|Any CPU.Build.0 = Debug|Any CPU
		{209d8e8b-56f2-0101-cc71-630f52517a57}.Debug|Any CPU.ActiveCfg = Debug|Any CPU
		{209d8e8b-56f2-0101-cc71-630f52517a57}.Debug|Any CPU.Build.0 = Debug|Any CPU
		{a818b192-07c3-2b0b-7ed3-771c6814eae5}.Debug|Any CPU.ActiveCfg = Debug|Any CPU
		{a818b192-07c3-2b0b-7ed3-771c6814eae5}.Debug|Any CPU.Build.0 = Debug|Any CPU
		{459e4e44-6a13-8bda-a8b0-bb35df370389}.Debug|Any CPU.ActiveCfg = Debug|Any CPU
		{459e4e44-6a13-8bda-a8b0-bb35df370389}.Debug|Any CPU.Build.0 = Debug|Any CPU
		{c6f1f749-b887-2266-12c5-97cbe6275ce9}.Debug|Any CPU.ActiveCfg = Debug|Any CPU
		{c6f1f749-b887-2266-12c5-97cbe6275ce9}.Debug|Any CPU.Build.0 = Debug|Any CPU
		{892384c0-c0b2-73e9-e413-fd0f5f6cc5d1}.Debug|Any CPU.ActiveCfg = Debug|Any CPU
		{892384c0-c0b2-73e9-e413-fd0f5f6cc5d1}.Debug|Any CPU.Build.0 = Debug|Any CPU
		{83eca1b1-55fa-f23b-7a4a-62308a379ca6}.Debug|Any CPU.ActiveCfg = Debug|Any CPU
		{83eca1b1-55fa-f23b-7a4a-62308a379ca6}.Debug|Any CPU.Build.0 = Debug|Any CPU
		{57df9f6e-1b9d-a0e5-7a6d-2a2dde17c92a}.Debug|Any CPU.ActiveCfg = Debug|Any CPU
		{57df9f6e-1b9d-a0e5-7a6d-2a2dde17c92a}.Debug|Any CPU.Build.0 = Debug|Any CPU
		{8448d6a0-9a47-8152-34a1-ea93c6d54787}.Debug|Any CPU.ActiveCfg = Debug|Any CPU
		{8448d6a0-9a47-8152-34a1-ea93c6d54787}.Debug|Any CPU.Build.0 = Debug|Any CPU
		{0e1f839a-af0e-bb1a-b5b2-6194604d8451}.Debug|Any CPU.ActiveCfg = Debug|Any CPU
		{0e1f839a-af0e-bb1a-b5b2-6194604d8451}.Debug|Any CPU.Build.0 = Debug|Any CPU
		{62882023-5de4-9835-f4f6-445140603cd5}.Debug|Any CPU.ActiveCfg = Debug|Any CPU
		{62882023-5de4-9835-f4f6-445140603cd5}.Debug|Any CPU.Build.0 = Debug|Any CPU
		{df3ecb73-93c9-f467-f895-e7495b795f9f}.Debug|Any CPU.ActiveCfg = Debug|Any CPU
		{df3ecb73-93c9-f467-f895-e7495b795f9f}.Debug|Any CPU.Build.0 = Debug|Any CPU
		{e5a44dbc-f2cf-bb0c-a8e8-35fc0e0fe80e}.Debug|Any CPU.ActiveCfg = Debug|Any CPU
		{e5a44dbc-f2cf-bb0c-a8e8-35fc0e0fe80e}.Debug|Any CPU.Build.0 = Debug|Any CPU
		{01aa17a2-03ef-6aad-3c99-39dcc2f8aff9}.Debug|Any CPU.ActiveCfg = Debug|Any CPU
		{01aa17a2-03ef-6aad-3c99-39dcc2f8aff9}.Debug|Any CPU.Build.0 = Debug|Any CPU
		{d2fde7cb-102c-2c60-543c-6f1df89c3e79}.Debug|Any CPU.ActiveCfg = Debug|Any CPU
		{d2fde7cb-102c-2c60-543c-6f1df89c3e79}.Debug|Any CPU.Build.0 = Debug|Any CPU
		{3dbabdf4-fa45-7f55-c73b-7f50f89c410f}.Debug|Any CPU.ActiveCfg = Debug|Any CPU
		{3dbabdf4-fa45-7f55-c73b-7f50f89c410f}.Debug|Any CPU.Build.0 = Debug|Any CPU
		{948464bc-7b1c-9099-f5a6-25a8c1627981}.Debug|Any CPU.ActiveCfg = Debug|Any CPU
		{948464bc-7b1c-9099-f5a6-25a8c1627981}.Debug|Any CPU.Build.0 = Debug|Any CPU
		{1a25ab22-fd42-d878-f927-690ee0f7a41e}.Debug|Any CPU.ActiveCfg = Debug|Any CPU
		{1a25ab22-fd42-d878-f927-690ee0f7a41e}.Debug|Any CPU.Build.0 = Debug|Any CPU
		{686ee455-2da4-2560-9938-20ce01389300}.Debug|Any CPU.ActiveCfg = Debug|Any CPU
		{686ee455-2da4-2560-9938-20ce01389300}.Debug|Any CPU.Build.0 = Debug|Any CPU
		{d56d4504-c992-b86a-674d-3b8cb2786b7c}.Debug|Any CPU.ActiveCfg = Debug|Any CPU
		{d56d4504-c992-b86a-674d-3b8cb2786b7c}.Debug|Any CPU.Build.0 = Debug|Any CPU
		{08b937aa-5c52-6932-bcca-3fab7d1199ec}.Debug|Any CPU.ActiveCfg = Debug|Any CPU
		{08b937aa-5c52-6932-bcca-3fab7d1199ec}.Debug|Any CPU.Build.0 = Debug|Any CPU
		{70d8cf3d-b052-be9b-8ca5-23682359e9c8}.Debug|Any CPU.ActiveCfg = Debug|Any CPU
		{70d8cf3d-b052-be9b-8ca5-23682359e9c8}.Debug|Any CPU.Build.0 = Debug|Any CPU
		{1046342a-c0b2-c2a0-da33-c01bd96d9a2e}.Debug|Any CPU.ActiveCfg = Debug|Any CPU
		{1046342a-c0b2-c2a0-da33-c01bd96d9a2e}.Debug|Any CPU.Build.0 = Debug|Any CPU
		{d7e1e190-ee1f-788f-28d2-16da9ce74bf9}.Debug|Any CPU.ActiveCfg = Debug|Any CPU
		{d7e1e190-ee1f-788f-28d2-16da9ce74bf9}.Debug|Any CPU.Build.0 = Debug|Any CPU
		{ae9d0b51-5efb-6973-c2ee-dfa125df57c0}.Debug|Any CPU.ActiveCfg = Debug|Any CPU
		{ae9d0b51-5efb-6973-c2ee-dfa125df57c0}.Debug|Any CPU.Build.0 = Debug|Any CPU
		{f27d434a-464d-b03f-8d0b-b33598dae4f2}.Debug|Any CPU.ActiveCfg = Debug|Any CPU
		{f27d434a-464d-b03f-8d0b-b33598dae4f2}.Debug|Any CPU.Build.0 = Debug|Any CPU
		{9854a8d8-eabd-6659-e5c3-a99dacf62dbe}.Debug|Any CPU.ActiveCfg = Debug|Any CPU
		{9854a8d8-eabd-6659-e5c3-a99dacf62dbe}.Debug|Any CPU.Build.0 = Debug|Any CPU
		{4d314480-79c5-a8bc-a81e-a82ad9e88d90}.Debug|Any CPU.ActiveCfg = Debug|Any CPU
		{4d314480-79c5-a8bc-a81e-a82ad9e88d90}.Debug|Any CPU.Build.0 = Debug|Any CPU
		{40810a8b-f014-2e11-0f8d-901a8228fda9}.Debug|Any CPU.ActiveCfg = Debug|Any CPU
		{40810a8b-f014-2e11-0f8d-901a8228fda9}.Debug|Any CPU.Build.0 = Debug|Any CPU
		{71824472-8810-4deb-f3ae-17e8b0cef83c}.Debug|Any CPU.ActiveCfg = Debug|Any CPU
		{71824472-8810-4deb-f3ae-17e8b0cef83c}.Debug|Any CPU.Build.0 = Debug|Any CPU
		{13b11197-3179-7621-57a6-0bda9eacba52}.Debug|Any CPU.ActiveCfg = Debug|Any CPU
		{13b11197-3179-7621-57a6-0bda9eacba52}.Debug|Any CPU.Build.0 = Debug|Any CPU
		{14faaf16-a447-7e14-35c2-2b4857953774}.Debug|Any CPU.ActiveCfg = Debug|Any CPU
		{14faaf16-a447-7e14-35c2-2b4857953774}.Debug|Any CPU.Build.0 = Debug|Any CPU
		{39fa96d8-ae61-e0f3-bf01-ec64d7ea6e6b}.Debug|Any CPU.ActiveCfg = Debug|Any CPU
		{39fa96d8-ae61-e0f3-bf01-ec64d7ea6e6b}.Debug|Any CPU.Build.0 = Debug|Any CPU
		{0dfd6588-45df-8482-15fe-f99d0249782e}.Debug|Any CPU.ActiveCfg = Debug|Any CPU
		{0dfd6588-45df-8482-15fe-f99d0249782e}.Debug|Any CPU.Build.0 = Debug|Any CPU
		{e9135d98-b305-012f-7a69-4c639923a422}.Debug|Any CPU.ActiveCfg = Debug|Any CPU
		{e9135d98-b305-012f-7a69-4c639923a422}.Debug|Any CPU.Build.0 = Debug|Any CPU
		{ca9ba76f-b837-3f33-a0aa-58736ddeb80b}.Debug|Any CPU.ActiveCfg = Debug|Any CPU
		{ca9ba76f-b837-3f33-a0aa-58736ddeb80b}.Debug|Any CPU.Build.0 = Debug|Any CPU
		{bf793614-99dc-d194-b95f-53c63550efb7}.Debug|Any CPU.ActiveCfg = Debug|Any CPU
		{bf793614-99dc-d194-b95f-53c63550efb7}.Debug|Any CPU.Build.0 = Debug|Any CPU
		{b84060b1-6d15-f67b-2059-2b62daaba13e}.Debug|Any CPU.ActiveCfg = Debug|Any CPU
		{b84060b1-6d15-f67b-2059-2b62daaba13e}.Debug|Any CPU.Build.0 = Debug|Any CPU
		{fb569d17-ecbc-709f-d985-8d99e8980a39}.Debug|Any CPU.ActiveCfg = Debug|Any CPU
		{fb569d17-ecbc-709f-d985-8d99e8980a39}.Debug|Any CPU.Build.0 = Debug|Any CPU
		{18686c69-ec27-f099-e9ec-5ecdc3ca8e63}.Debug|Any CPU.ActiveCfg = Debug|Any CPU
		{18686c69-ec27-f099-e9ec-5ecdc3ca8e63}.Debug|Any CPU.Build.0 = Debug|Any CPU
		{fde178b2-cbbf-60a7-520d-4953d81cbd5f}.Debug|Any CPU.ActiveCfg = Debug|Any CPU
		{fde178b2-cbbf-60a7-520d-4953d81cbd5f}.Debug|Any CPU.Build.0 = Debug|Any CPU
		{8a4ec5db-a624-bd5a-2d0f-c6fbe39d9f67}.Debug|Any CPU.ActiveCfg = Debug|Any CPU
		{8a4ec5db-a624-bd5a-2d0f-c6fbe39d9f67}.Debug|Any CPU.Build.0 = Debug|Any CPU
		{764c2cc5-12d0-309d-a23f-9ceef789bf27}.Debug|Any CPU.ActiveCfg = Debug|Any CPU
		{764c2cc5-12d0-309d-a23f-9ceef789bf27}.Debug|Any CPU.Build.0 = Debug|Any CPU
		{0c36d94f-22c1-c9cc-eaef-bc59416cac58}.Debug|Any CPU.ActiveCfg = Debug|Any CPU
		{0c36d94f-22c1-c9cc-eaef-bc59416cac58}.Debug|Any CPU.Build.0 = Debug|Any CPU
		{7a8604e6-71f0-6b66-0979-19033625a5f9}.Debug|Any CPU.ActiveCfg = Debug|Any CPU
		{7a8604e6-71f0-6b66-0979-19033625a5f9}.Debug|Any CPU.Build.0 = Debug|Any CPU
		{1f2d8f41-474a-212f-6757-d8721952ceca}.Debug|Any CPU.ActiveCfg = Debug|Any CPU
		{1f2d8f41-474a-212f-6757-d8721952ceca}.Debug|Any CPU.Build.0 = Debug|Any CPU
		{bd0c44da-0010-7264-a015-20e8f285db4e}.Debug|Any CPU.ActiveCfg = Debug|Any CPU
		{bd0c44da-0010-7264-a015-20e8f285db4e}.Debug|Any CPU.Build.0 = Debug|Any CPU
		{4c262bde-5179-8a14-45ea-c646b269bf4f}.Debug|Any CPU.ActiveCfg = Debug|Any CPU
		{4c262bde-5179-8a14-45ea-c646b269bf4f}.Debug|Any CPU.Build.0 = Debug|Any CPU
		{78c4d11e-550e-e421-5738-e732ae88ec44}.Debug|Any CPU.ActiveCfg = Debug|Any CPU
		{78c4d11e-550e-e421-5738-e732ae88ec44}.Debug|Any CPU.Build.0 = Debug|Any CPU
		{91c7eff4-8dc8-2eb9-53d5-36ad6a1228eb}.Debug|Any CPU.ActiveCfg = Debug|Any CPU
		{91c7eff4-8dc8-2eb9-53d5-36ad6a1228eb}.Debug|Any CPU.Build.0 = Debug|Any CPU
		{69d3ffb0-ec25-ad19-568e-4ab7529700fb}.Debug|Any CPU.ActiveCfg = Debug|Any CPU
		{69d3ffb0-ec25-ad19-568e-4ab7529700fb}.Debug|Any CPU.Build.0 = Debug|Any CPU
		{93aa2b0e-e556-f6e4-18b9-0a24fdf17990}.Debug|Any CPU.ActiveCfg = Debug|Any CPU
		{93aa2b0e-e556-f6e4-18b9-0a24fdf17990}.Debug|Any CPU.Build.0 = Debug|Any CPU
		{5b90ab87-32fe-2175-8438-b688021d0376}.Debug|Any CPU.ActiveCfg = Debug|Any CPU
		{5b90ab87-32fe-2175-8438-b688021d0376}.Debug|Any CPU.Build.0 = Debug|Any CPU
		{1feb2fef-f463-05a8-512d-2cb85c43275e}.Debug|Any CPU.ActiveCfg = Debug|Any CPU
		{1feb2fef-f463-05a8-512d-2cb85c43275e}.Debug|Any CPU.Build.0 = Debug|Any CPU
		{9704deef-ba8e-012a-0a57-839cbdaf4ec1}.Debug|Any CPU.ActiveCfg = Debug|Any CPU
		{9704deef-ba8e-012a-0a57-839cbdaf4ec1}.Debug|Any CPU.Build.0 = Debug|Any CPU
		{58a34799-58b3-0882-25be-e835c1492aca}.Debug|Any CPU.ActiveCfg = Debug|Any CPU
		{58a34799-58b3-0882-25be-e835c1492aca}.Debug|Any CPU.Build.0 = Debug|Any CPU
		{734b7b01-e9dd-0518-3a1a-185d9e60d151}.Debug|Any CPU.ActiveCfg = Debug|Any CPU
		{734b7b01-e9dd-0518-3a1a-185d9e60d151}.Debug|Any CPU.Build.0 = Debug|Any CPU
		{2cbc4c21-3522-1c74-aa80-5751081c8c19}.Debug|Any CPU.ActiveCfg = Debug|Any CPU
		{2cbc4c21-3522-1c74-aa80-5751081c8c19}.Debug|Any CPU.Build.0 = Debug|Any CPU
		{1c59f0e4-da9e-ebc0-bf70-d10316ae156d}.Debug|Any CPU.ActiveCfg = Debug|Any CPU
		{1c59f0e4-da9e-ebc0-bf70-d10316ae156d}.Debug|Any CPU.Build.0 = Debug|Any CPU
	EndGlobalSection
	GlobalSection(SolutionProperties) = preSolution
		HideSolutionNode = FALSE
	EndGlobalSection
EndGlobal
